// !$*UTF8*$!
{
	archiveVersion = 1;
	classes = {
	};
	objectVersion = 56;
	objects = {

/* Begin PBXBuildFile section */
		B40D28202AE5652E009B7315 /* LandmarksApp.swift in Sources */ = {isa = PBXBuildFile; fileRef = B40D281F2AE5652E009B7315 /* LandmarksApp.swift */; };
		B40D28222AE5652E009B7315 /* ContentView.swift in Sources */ = {isa = PBXBuildFile; fileRef = B40D28212AE5652E009B7315 /* ContentView.swift */; };
		B40D28242AE56530009B7315 /* Assets.xcassets in Resources */ = {isa = PBXBuildFile; fileRef = B40D28232AE56530009B7315 /* Assets.xcassets */; };
		B40D28272AE56530009B7315 /* Preview Assets.xcassets in Resources */ = {isa = PBXBuildFile; fileRef = B40D28262AE56530009B7315 /* Preview Assets.xcassets */; };
		B40D28312AE56530009B7315 /* LandmarksTests.swift in Sources */ = {isa = PBXBuildFile; fileRef = B40D28302AE56530009B7315 /* LandmarksTests.swift */; };
		B40D283B2AE56530009B7315 /* LandmarksUITests.swift in Sources */ = {isa = PBXBuildFile; fileRef = B40D283A2AE56530009B7315 /* LandmarksUITests.swift */; };
		B40D283D2AE56530009B7315 /* LandmarksUITestsLaunchTests.swift in Sources */ = {isa = PBXBuildFile; fileRef = B40D283C2AE56530009B7315 /* LandmarksUITestsLaunchTests.swift */; };
		B40D284A2AE56DD5009B7315 /* CircleImage.swift in Sources */ = {isa = PBXBuildFile; fileRef = B40D28492AE56DD5009B7315 /* CircleImage.swift */; };
		B40D284E2AE56FC0009B7315 /* MapView.swift in Sources */ = {isa = PBXBuildFile; fileRef = B40D284D2AE56FC0009B7315 /* MapView.swift */; };
		B40D28502AE6A108009B7315 /* landmarkData.json in Resources */ = {isa = PBXBuildFile; fileRef = B40D284F2AE6A107009B7315 /* landmarkData.json */; };
		B40D28542AE6A189009B7315 /* Landmark.swift in Sources */ = {isa = PBXBuildFile; fileRef = B40D28532AE6A189009B7315 /* Landmark.swift */; };
		B40D28562AE6A3BA009B7315 /* ModelData.swift in Sources */ = {isa = PBXBuildFile; fileRef = B40D28552AE6A3BA009B7315 /* ModelData.swift */; };
		B40D285B2AE6A59F009B7315 /* LandmarkRow.swift in Sources */ = {isa = PBXBuildFile; fileRef = B40D285A2AE6A59F009B7315 /* LandmarkRow.swift */; };
		B40D285D2AE6A9D8009B7315 /* LandmarkList.swift in Sources */ = {isa = PBXBuildFile; fileRef = B40D285C2AE6A9D8009B7315 /* LandmarkList.swift */; };
		B40D285F2AE6ABEA009B7315 /* LandmarkDetail.swift in Sources */ = {isa = PBXBuildFile; fileRef = B40D285E2AE6ABEA009B7315 /* LandmarkDetail.swift */; };
		B44D18F72AE7F6D300415921 /* HexagonParameters.swift in Sources */ = {isa = PBXBuildFile; fileRef = B44D18F62AE7F6D300415921 /* HexagonParameters.swift */; };
		B44D18F92AE7F87500415921 /* BadgeBackground.swift in Sources */ = {isa = PBXBuildFile; fileRef = B44D18F82AE7F87500415921 /* BadgeBackground.swift */; };
		B44D18FB2AE7FE9C00415921 /* BadgeSymbol.swift in Sources */ = {isa = PBXBuildFile; fileRef = B44D18FA2AE7FE9C00415921 /* BadgeSymbol.swift */; };
		B44D18FD2AE7FF5900415921 /* RotatedBadgeSymbol.swift in Sources */ = {isa = PBXBuildFile; fileRef = B44D18FC2AE7FF5900415921 /* RotatedBadgeSymbol.swift */; };
		B44D18FF2AEA917600415921 /* Badge.swift in Sources */ = {isa = PBXBuildFile; fileRef = B44D18FE2AEA917600415921 /* Badge.swift */; };
		B44D19022AEA94C500415921 /* hikeData.json in Resources */ = {isa = PBXBuildFile; fileRef = B44D19012AEA94C500415921 /* hikeData.json */; };
		B44D19042AEA94FE00415921 /* Hike.swift in Sources */ = {isa = PBXBuildFile; fileRef = B44D19032AEA94FE00415921 /* Hike.swift */; };
		B44D190A2AEA958300415921 /* GraphCapsule.swift in Sources */ = {isa = PBXBuildFile; fileRef = B44D19062AEA958300415921 /* GraphCapsule.swift */; };
		B44D190B2AEA958300415921 /* HikeGraph.swift in Sources */ = {isa = PBXBuildFile; fileRef = B44D19072AEA958300415921 /* HikeGraph.swift */; };
		B44D190C2AEA958300415921 /* HikeDetail.swift in Sources */ = {isa = PBXBuildFile; fileRef = B44D19082AEA958300415921 /* HikeDetail.swift */; };
		B44D190D2AEA958300415921 /* HikeView.swift in Sources */ = {isa = PBXBuildFile; fileRef = B44D19092AEA958300415921 /* HikeView.swift */; };
		B4951AC02AE6C3C60018ACE0 /* FavoriteButton.swift in Sources */ = {isa = PBXBuildFile; fileRef = B4951ABF2AE6C3C60018ACE0 /* FavoriteButton.swift */; };
/* End PBXBuildFile section */

/* Begin PBXContainerItemProxy section */
		B40D282D2AE56530009B7315 /* PBXContainerItemProxy */ = {
			isa = PBXContainerItemProxy;
			containerPortal = B40D28142AE5652E009B7315 /* Project object */;
			proxyType = 1;
			remoteGlobalIDString = B40D281B2AE5652E009B7315;
			remoteInfo = Landmarks;
		};
		B40D28372AE56530009B7315 /* PBXContainerItemProxy */ = {
			isa = PBXContainerItemProxy;
			containerPortal = B40D28142AE5652E009B7315 /* Project object */;
			proxyType = 1;
			remoteGlobalIDString = B40D281B2AE5652E009B7315;
			remoteInfo = Landmarks;
		};
/* End PBXContainerItemProxy section */

/* Begin PBXFileReference section */
		B40D281C2AE5652E009B7315 /* Landmarks.app */ = {isa = PBXFileReference; explicitFileType = wrapper.application; includeInIndex = 0; path = Landmarks.app; sourceTree = BUILT_PRODUCTS_DIR; };
		B40D281F2AE5652E009B7315 /* LandmarksApp.swift */ = {isa = PBXFileReference; lastKnownFileType = sourcecode.swift; path = LandmarksApp.swift; sourceTree = "<group>"; };
		B40D28212AE5652E009B7315 /* ContentView.swift */ = {isa = PBXFileReference; lastKnownFileType = sourcecode.swift; path = ContentView.swift; sourceTree = "<group>"; };
		B40D28232AE56530009B7315 /* Assets.xcassets */ = {isa = PBXFileReference; lastKnownFileType = folder.assetcatalog; path = Assets.xcassets; sourceTree = "<group>"; };
		B40D28262AE56530009B7315 /* Preview Assets.xcassets */ = {isa = PBXFileReference; lastKnownFileType = folder.assetcatalog; path = "Preview Assets.xcassets"; sourceTree = "<group>"; };
		B40D282C2AE56530009B7315 /* LandmarksTests.xctest */ = {isa = PBXFileReference; explicitFileType = wrapper.cfbundle; includeInIndex = 0; path = LandmarksTests.xctest; sourceTree = BUILT_PRODUCTS_DIR; };
		B40D28302AE56530009B7315 /* LandmarksTests.swift */ = {isa = PBXFileReference; lastKnownFileType = sourcecode.swift; path = LandmarksTests.swift; sourceTree = "<group>"; };
		B40D28362AE56530009B7315 /* LandmarksUITests.xctest */ = {isa = PBXFileReference; explicitFileType = wrapper.cfbundle; includeInIndex = 0; path = LandmarksUITests.xctest; sourceTree = BUILT_PRODUCTS_DIR; };
		B40D283A2AE56530009B7315 /* LandmarksUITests.swift */ = {isa = PBXFileReference; lastKnownFileType = sourcecode.swift; path = LandmarksUITests.swift; sourceTree = "<group>"; };
		B40D283C2AE56530009B7315 /* LandmarksUITestsLaunchTests.swift */ = {isa = PBXFileReference; lastKnownFileType = sourcecode.swift; path = LandmarksUITestsLaunchTests.swift; sourceTree = "<group>"; };
		B40D28492AE56DD5009B7315 /* CircleImage.swift */ = {isa = PBXFileReference; lastKnownFileType = sourcecode.swift; path = CircleImage.swift; sourceTree = "<group>"; };
		B40D284D2AE56FC0009B7315 /* MapView.swift */ = {isa = PBXFileReference; lastKnownFileType = sourcecode.swift; path = MapView.swift; sourceTree = "<group>"; };
		B40D284F2AE6A107009B7315 /* landmarkData.json */ = {isa = PBXFileReference; fileEncoding = 4; lastKnownFileType = text.json; path = landmarkData.json; sourceTree = "<group>"; };
		B40D28532AE6A189009B7315 /* Landmark.swift */ = {isa = PBXFileReference; lastKnownFileType = sourcecode.swift; path = Landmark.swift; sourceTree = "<group>"; };
		B40D28552AE6A3BA009B7315 /* ModelData.swift */ = {isa = PBXFileReference; lastKnownFileType = sourcecode.swift; path = ModelData.swift; sourceTree = "<group>"; };
		B40D285A2AE6A59F009B7315 /* LandmarkRow.swift */ = {isa = PBXFileReference; lastKnownFileType = sourcecode.swift; path = LandmarkRow.swift; sourceTree = "<group>"; };
		B40D285C2AE6A9D8009B7315 /* LandmarkList.swift */ = {isa = PBXFileReference; lastKnownFileType = sourcecode.swift; path = LandmarkList.swift; sourceTree = "<group>"; };
		B40D285E2AE6ABEA009B7315 /* LandmarkDetail.swift */ = {isa = PBXFileReference; lastKnownFileType = sourcecode.swift; path = LandmarkDetail.swift; sourceTree = "<group>"; };
		B44D18F62AE7F6D300415921 /* HexagonParameters.swift */ = {isa = PBXFileReference; lastKnownFileType = sourcecode.swift; path = HexagonParameters.swift; sourceTree = "<group>"; };
		B44D18F82AE7F87500415921 /* BadgeBackground.swift */ = {isa = PBXFileReference; lastKnownFileType = sourcecode.swift; path = BadgeBackground.swift; sourceTree = "<group>"; };
		B44D18FA2AE7FE9C00415921 /* BadgeSymbol.swift */ = {isa = PBXFileReference; lastKnownFileType = sourcecode.swift; path = BadgeSymbol.swift; sourceTree = "<group>"; };
		B44D18FC2AE7FF5900415921 /* RotatedBadgeSymbol.swift */ = {isa = PBXFileReference; lastKnownFileType = sourcecode.swift; path = RotatedBadgeSymbol.swift; sourceTree = "<group>"; };
		B44D18FE2AEA917600415921 /* Badge.swift */ = {isa = PBXFileReference; lastKnownFileType = sourcecode.swift; path = Badge.swift; sourceTree = "<group>"; };
		B44D19012AEA94C500415921 /* hikeData.json */ = {isa = PBXFileReference; fileEncoding = 4; lastKnownFileType = text.json; path = hikeData.json; sourceTree = "<group>"; };
		B44D19032AEA94FE00415921 /* Hike.swift */ = {isa = PBXFileReference; lastKnownFileType = sourcecode.swift; path = Hike.swift; sourceTree = "<group>"; };
		B44D19062AEA958300415921 /* GraphCapsule.swift */ = {isa = PBXFileReference; fileEncoding = 4; lastKnownFileType = sourcecode.swift; path = GraphCapsule.swift; sourceTree = "<group>"; };
		B44D19072AEA958300415921 /* HikeGraph.swift */ = {isa = PBXFileReference; fileEncoding = 4; lastKnownFileType = sourcecode.swift; path = HikeGraph.swift; sourceTree = "<group>"; };
		B44D19082AEA958300415921 /* HikeDetail.swift */ = {isa = PBXFileReference; fileEncoding = 4; lastKnownFileType = sourcecode.swift; path = HikeDetail.swift; sourceTree = "<group>"; };
		B44D19092AEA958300415921 /* HikeView.swift */ = {isa = PBXFileReference; fileEncoding = 4; lastKnownFileType = sourcecode.swift; path = HikeView.swift; sourceTree = "<group>"; };
		B4951ABF2AE6C3C60018ACE0 /* FavoriteButton.swift */ = {isa = PBXFileReference; lastKnownFileType = sourcecode.swift; path = FavoriteButton.swift; sourceTree = "<group>"; };
/* End PBXFileReference section */

/* Begin PBXFrameworksBuildPhase section */
		B40D28192AE5652E009B7315 /* Frameworks */ = {
			isa = PBXFrameworksBuildPhase;
			buildActionMask = 2147483647;
			files = (
			);
			runOnlyForDeploymentPostprocessing = 0;
		};
		B40D28292AE56530009B7315 /* Frameworks */ = {
			isa = PBXFrameworksBuildPhase;
			buildActionMask = 2147483647;
			files = (
			);
			runOnlyForDeploymentPostprocessing = 0;
		};
		B40D28332AE56530009B7315 /* Frameworks */ = {
			isa = PBXFrameworksBuildPhase;
			buildActionMask = 2147483647;
			files = (
			);
			runOnlyForDeploymentPostprocessing = 0;
		};
/* End PBXFrameworksBuildPhase section */

/* Begin PBXGroup section */
		B40D28132AE5652E009B7315 = {
			isa = PBXGroup;
			children = (
				B40D281E2AE5652E009B7315 /* Landmarks */,
				B40D282F2AE56530009B7315 /* LandmarksTests */,
				B40D28392AE56530009B7315 /* LandmarksUITests */,
				B40D281D2AE5652E009B7315 /* Products */,
			);
			sourceTree = "<group>";
		};
		B40D281D2AE5652E009B7315 /* Products */ = {
			isa = PBXGroup;
			children = (
				B40D281C2AE5652E009B7315 /* Landmarks.app */,
				B40D282C2AE56530009B7315 /* LandmarksTests.xctest */,
				B40D28362AE56530009B7315 /* LandmarksUITests.xctest */,
			);
			name = Products;
			sourceTree = "<group>";
		};
		B40D281E2AE5652E009B7315 /* Landmarks */ = {
			isa = PBXGroup;
			children = (
				B40D28592AE6A4B8009B7315 /* Resources */,
				B40D28582AE6A4B1009B7315 /* Model */,
				B40D28572AE6A499009B7315 /* Views */,
				B40D281F2AE5652E009B7315 /* LandmarksApp.swift */,
				B40D28232AE56530009B7315 /* Assets.xcassets */,
				B40D28252AE56530009B7315 /* Preview Content */,
			);
			path = Landmarks;
			sourceTree = "<group>";
		};
		B40D28252AE56530009B7315 /* Preview Content */ = {
			isa = PBXGroup;
			children = (
				B40D28262AE56530009B7315 /* Preview Assets.xcassets */,
			);
			path = "Preview Content";
			sourceTree = "<group>";
		};
		B40D282F2AE56530009B7315 /* LandmarksTests */ = {
			isa = PBXGroup;
			children = (
				B40D28302AE56530009B7315 /* LandmarksTests.swift */,
			);
			path = LandmarksTests;
			sourceTree = "<group>";
		};
		B40D28392AE56530009B7315 /* LandmarksUITests */ = {
			isa = PBXGroup;
			children = (
				B40D283A2AE56530009B7315 /* LandmarksUITests.swift */,
				B40D283C2AE56530009B7315 /* LandmarksUITestsLaunchTests.swift */,
			);
			path = LandmarksUITests;
			sourceTree = "<group>";
		};
		B40D28572AE6A499009B7315 /* Views */ = {
			isa = PBXGroup;
			children = (
				B44D19002AEA92A900415921 /* Badges */,
				B4951AC12AE6C4EE0018ACE0 /* Helper */,
				B44D19052AEA958300415921 /* Hikes */,
				B4951AC22AE6C5090018ACE0 /* Landmarks */,
				B40D28212AE5652E009B7315 /* ContentView.swift */,
			);
			path = Views;
			sourceTree = "<group>";
		};
		B40D28582AE6A4B1009B7315 /* Model */ = {
			isa = PBXGroup;
			children = (
				B40D28552AE6A3BA009B7315 /* ModelData.swift */,
				B40D28532AE6A189009B7315 /* Landmark.swift */,
				B44D19032AEA94FE00415921 /* Hike.swift */,
			);
			path = Model;
			sourceTree = "<group>";
		};
		B40D28592AE6A4B8009B7315 /* Resources */ = {
			isa = PBXGroup;
			children = (
				B44D19012AEA94C500415921 /* hikeData.json */,
				B40D284F2AE6A107009B7315 /* landmarkData.json */,
			);
			path = Resources;
			sourceTree = "<group>";
		};
		B44D19002AEA92A900415921 /* Badges */ = {
			isa = PBXGroup;
			children = (
				B44D18F62AE7F6D300415921 /* HexagonParameters.swift */,
				B44D18F82AE7F87500415921 /* BadgeBackground.swift */,
				B44D18FA2AE7FE9C00415921 /* BadgeSymbol.swift */,
				B44D18FC2AE7FF5900415921 /* RotatedBadgeSymbol.swift */,
				B44D18FE2AEA917600415921 /* Badge.swift */,
			);
			path = Badges;
			sourceTree = "<group>";
		};
		B44D19052AEA958300415921 /* Hikes */ = {
			isa = PBXGroup;
			children = (
				B44D19062AEA958300415921 /* GraphCapsule.swift */,
				B44D19072AEA958300415921 /* HikeGraph.swift */,
				B44D19082AEA958300415921 /* HikeDetail.swift */,
				B44D19092AEA958300415921 /* HikeView.swift */,
			);
			path = Hikes;
			sourceTree = "<group>";
		};
		B4951AC12AE6C4EE0018ACE0 /* Helper */ = {
			isa = PBXGroup;
			children = (
				B40D28492AE56DD5009B7315 /* CircleImage.swift */,
				B40D284D2AE56FC0009B7315 /* MapView.swift */,
				B4951ABF2AE6C3C60018ACE0 /* FavoriteButton.swift */,
			);
			path = Helper;
			sourceTree = "<group>";
		};
		B4951AC22AE6C5090018ACE0 /* Landmarks */ = {
			isa = PBXGroup;
			children = (
				B40D285A2AE6A59F009B7315 /* LandmarkRow.swift */,
				B40D285C2AE6A9D8009B7315 /* LandmarkList.swift */,
				B40D285E2AE6ABEA009B7315 /* LandmarkDetail.swift */,
			);
			path = Landmarks;
			sourceTree = "<group>";
		};
/* End PBXGroup section */

/* Begin PBXNativeTarget section */
		B40D281B2AE5652E009B7315 /* Landmarks */ = {
			isa = PBXNativeTarget;
			buildConfigurationList = B40D28402AE56530009B7315 /* Build configuration list for PBXNativeTarget "Landmarks" */;
			buildPhases = (
				B40D28182AE5652E009B7315 /* Sources */,
				B40D28192AE5652E009B7315 /* Frameworks */,
				B40D281A2AE5652E009B7315 /* Resources */,
			);
			buildRules = (
			);
			dependencies = (
			);
			name = Landmarks;
			productName = Landmarks;
			productReference = B40D281C2AE5652E009B7315 /* Landmarks.app */;
			productType = "com.apple.product-type.application";
		};
		B40D282B2AE56530009B7315 /* LandmarksTests */ = {
			isa = PBXNativeTarget;
			buildConfigurationList = B40D28432AE56530009B7315 /* Build configuration list for PBXNativeTarget "LandmarksTests" */;
			buildPhases = (
				B40D28282AE56530009B7315 /* Sources */,
				B40D28292AE56530009B7315 /* Frameworks */,
				B40D282A2AE56530009B7315 /* Resources */,
			);
			buildRules = (
			);
			dependencies = (
				B40D282E2AE56530009B7315 /* PBXTargetDependency */,
			);
			name = LandmarksTests;
			productName = LandmarksTests;
			productReference = B40D282C2AE56530009B7315 /* LandmarksTests.xctest */;
			productType = "com.apple.product-type.bundle.unit-test";
		};
		B40D28352AE56530009B7315 /* LandmarksUITests */ = {
			isa = PBXNativeTarget;
			buildConfigurationList = B40D28462AE56530009B7315 /* Build configuration list for PBXNativeTarget "LandmarksUITests" */;
			buildPhases = (
				B40D28322AE56530009B7315 /* Sources */,
				B40D28332AE56530009B7315 /* Frameworks */,
				B40D28342AE56530009B7315 /* Resources */,
			);
			buildRules = (
			);
			dependencies = (
				B40D28382AE56530009B7315 /* PBXTargetDependency */,
			);
			name = LandmarksUITests;
			productName = LandmarksUITests;
			productReference = B40D28362AE56530009B7315 /* LandmarksUITests.xctest */;
			productType = "com.apple.product-type.bundle.ui-testing";
		};
/* End PBXNativeTarget section */

/* Begin PBXProject section */
		B40D28142AE5652E009B7315 /* Project object */ = {
			isa = PBXProject;
			attributes = {
				BuildIndependentTargetsInParallel = 1;
				LastSwiftUpdateCheck = 1500;
				LastUpgradeCheck = 1500;
				TargetAttributes = {
					B40D281B2AE5652E009B7315 = {
						CreatedOnToolsVersion = 15.0.1;
					};
					B40D282B2AE56530009B7315 = {
						CreatedOnToolsVersion = 15.0.1;
						TestTargetID = B40D281B2AE5652E009B7315;
					};
					B40D28352AE56530009B7315 = {
						CreatedOnToolsVersion = 15.0.1;
						TestTargetID = B40D281B2AE5652E009B7315;
					};
				};
			};
			buildConfigurationList = B40D28172AE5652E009B7315 /* Build configuration list for PBXProject "Landmarks" */;
			compatibilityVersion = "Xcode 14.0";
			developmentRegion = en;
			hasScannedForEncodings = 0;
			knownRegions = (
				en,
				Base,
			);
			mainGroup = B40D28132AE5652E009B7315;
			productRefGroup = B40D281D2AE5652E009B7315 /* Products */;
			projectDirPath = "";
			projectRoot = "";
			targets = (
				B40D281B2AE5652E009B7315 /* Landmarks */,
				B40D282B2AE56530009B7315 /* LandmarksTests */,
				B40D28352AE56530009B7315 /* LandmarksUITests */,
			);
		};
/* End PBXProject section */

/* Begin PBXResourcesBuildPhase section */
		B40D281A2AE5652E009B7315 /* Resources */ = {
			isa = PBXResourcesBuildPhase;
			buildActionMask = 2147483647;
			files = (
				B44D19022AEA94C500415921 /* hikeData.json in Resources */,
				B40D28272AE56530009B7315 /* Preview Assets.xcassets in Resources */,
				B40D28242AE56530009B7315 /* Assets.xcassets in Resources */,
				B40D28502AE6A108009B7315 /* landmarkData.json in Resources */,
			);
			runOnlyForDeploymentPostprocessing = 0;
		};
		B40D282A2AE56530009B7315 /* Resources */ = {
			isa = PBXResourcesBuildPhase;
			buildActionMask = 2147483647;
			files = (
			);
			runOnlyForDeploymentPostprocessing = 0;
		};
		B40D28342AE56530009B7315 /* Resources */ = {
			isa = PBXResourcesBuildPhase;
			buildActionMask = 2147483647;
			files = (
			);
			runOnlyForDeploymentPostprocessing = 0;
		};
/* End PBXResourcesBuildPhase section */

/* Begin PBXSourcesBuildPhase section */
		B40D28182AE5652E009B7315 /* Sources */ = {
			isa = PBXSourcesBuildPhase;
			buildActionMask = 2147483647;
			files = (
				B40D28222AE5652E009B7315 /* ContentView.swift in Sources */,
				B44D190B2AEA958300415921 /* HikeGraph.swift in Sources */,
				B44D18FF2AEA917600415921 /* Badge.swift in Sources */,
				B40D284E2AE56FC0009B7315 /* MapView.swift in Sources */,
				B44D190A2AEA958300415921 /* GraphCapsule.swift in Sources */,
				B40D28202AE5652E009B7315 /* LandmarksApp.swift in Sources */,
				B4951AC02AE6C3C60018ACE0 /* FavoriteButton.swift in Sources */,
				B44D190C2AEA958300415921 /* HikeDetail.swift in Sources */,
				B44D18F72AE7F6D300415921 /* HexagonParameters.swift in Sources */,
				B44D19042AEA94FE00415921 /* Hike.swift in Sources */,
				B44D18FD2AE7FF5900415921 /* RotatedBadgeSymbol.swift in Sources */,
				B44D18FB2AE7FE9C00415921 /* BadgeSymbol.swift in Sources */,
				B40D285D2AE6A9D8009B7315 /* LandmarkList.swift in Sources */,
				B44D190D2AEA958300415921 /* HikeView.swift in Sources */,
				B40D285F2AE6ABEA009B7315 /* LandmarkDetail.swift in Sources */,
				B44D18F92AE7F87500415921 /* BadgeBackground.swift in Sources */,
				B40D284A2AE56DD5009B7315 /* CircleImage.swift in Sources */,
				B40D28542AE6A189009B7315 /* Landmark.swift in Sources */,
				B40D285B2AE6A59F009B7315 /* LandmarkRow.swift in Sources */,
				B40D28562AE6A3BA009B7315 /* ModelData.swift in Sources */,
			);
			runOnlyForDeploymentPostprocessing = 0;
		};
		B40D28282AE56530009B7315 /* Sources */ = {
			isa = PBXSourcesBuildPhase;
			buildActionMask = 2147483647;
			files = (
				B40D28312AE56530009B7315 /* LandmarksTests.swift in Sources */,
			);
			runOnlyForDeploymentPostprocessing = 0;
		};
		B40D28322AE56530009B7315 /* Sources */ = {
			isa = PBXSourcesBuildPhase;
			buildActionMask = 2147483647;
			files = (
				B40D283D2AE56530009B7315 /* LandmarksUITestsLaunchTests.swift in Sources */,
				B40D283B2AE56530009B7315 /* LandmarksUITests.swift in Sources */,
			);
			runOnlyForDeploymentPostprocessing = 0;
		};
/* End PBXSourcesBuildPhase section */

/* Begin PBXTargetDependency section */
		B40D282E2AE56530009B7315 /* PBXTargetDependency */ = {
			isa = PBXTargetDependency;
			target = B40D281B2AE5652E009B7315 /* Landmarks */;
			targetProxy = B40D282D2AE56530009B7315 /* PBXContainerItemProxy */;
		};
		B40D28382AE56530009B7315 /* PBXTargetDependency */ = {
			isa = PBXTargetDependency;
			target = B40D281B2AE5652E009B7315 /* Landmarks */;
			targetProxy = B40D28372AE56530009B7315 /* PBXContainerItemProxy */;
		};
/* End PBXTargetDependency section */

/* Begin XCBuildConfiguration section */
		B40D283E2AE56530009B7315 /* Debug */ = {
			isa = XCBuildConfiguration;
			buildSettings = {
				ALWAYS_SEARCH_USER_PATHS = NO;
				ASSETCATALOG_COMPILER_GENERATE_SWIFT_ASSET_SYMBOL_EXTENSIONS = YES;
				CLANG_ANALYZER_NONNULL = YES;
				CLANG_ANALYZER_NUMBER_OBJECT_CONVERSION = YES_AGGRESSIVE;
				CLANG_CXX_LANGUAGE_STANDARD = "gnu++20";
				CLANG_ENABLE_MODULES = YES;
				CLANG_ENABLE_OBJC_ARC = YES;
				CLANG_ENABLE_OBJC_WEAK = YES;
				CLANG_WARN_BLOCK_CAPTURE_AUTORELEASING = YES;
				CLANG_WARN_BOOL_CONVERSION = YES;
				CLANG_WARN_COMMA = YES;
				CLANG_WARN_CONSTANT_CONVERSION = YES;
				CLANG_WARN_DEPRECATED_OBJC_IMPLEMENTATIONS = YES;
				CLANG_WARN_DIRECT_OBJC_ISA_USAGE = YES_ERROR;
				CLANG_WARN_DOCUMENTATION_COMMENTS = YES;
				CLANG_WARN_EMPTY_BODY = YES;
				CLANG_WARN_ENUM_CONVERSION = YES;
				CLANG_WARN_INFINITE_RECURSION = YES;
				CLANG_WARN_INT_CONVERSION = YES;
				CLANG_WARN_NON_LITERAL_NULL_CONVERSION = YES;
				CLANG_WARN_OBJC_IMPLICIT_RETAIN_SELF = YES;
				CLANG_WARN_OBJC_LITERAL_CONVERSION = YES;
				CLANG_WARN_OBJC_ROOT_CLASS = YES_ERROR;
				CLANG_WARN_QUOTED_INCLUDE_IN_FRAMEWORK_HEADER = YES;
				CLANG_WARN_RANGE_LOOP_ANALYSIS = YES;
				CLANG_WARN_STRICT_PROTOTYPES = YES;
				CLANG_WARN_SUSPICIOUS_MOVE = YES;
				CLANG_WARN_UNGUARDED_AVAILABILITY = YES_AGGRESSIVE;
				CLANG_WARN_UNREACHABLE_CODE = YES;
				CLANG_WARN__DUPLICATE_METHOD_MATCH = YES;
				COPY_PHASE_STRIP = NO;
				DEBUG_INFORMATION_FORMAT = dwarf;
				ENABLE_STRICT_OBJC_MSGSEND = YES;
				ENABLE_TESTABILITY = YES;
				ENABLE_USER_SCRIPT_SANDBOXING = YES;
				GCC_C_LANGUAGE_STANDARD = gnu17;
				GCC_DYNAMIC_NO_PIC = NO;
				GCC_NO_COMMON_BLOCKS = YES;
				GCC_OPTIMIZATION_LEVEL = 0;
				GCC_PREPROCESSOR_DEFINITIONS = (
					"DEBUG=1",
					"$(inherited)",
				);
				GCC_WARN_64_TO_32_BIT_CONVERSION = YES;
				GCC_WARN_ABOUT_RETURN_TYPE = YES_ERROR;
				GCC_WARN_UNDECLARED_SELECTOR = YES;
				GCC_WARN_UNINITIALIZED_AUTOS = YES_AGGRESSIVE;
				GCC_WARN_UNUSED_FUNCTION = YES;
				GCC_WARN_UNUSED_VARIABLE = YES;
				IPHONEOS_DEPLOYMENT_TARGET = 17.0;
				LOCALIZATION_PREFERS_STRING_CATALOGS = YES;
				MTL_ENABLE_DEBUG_INFO = INCLUDE_SOURCE;
				MTL_FAST_MATH = YES;
				ONLY_ACTIVE_ARCH = YES;
				SDKROOT = iphoneos;
				SWIFT_ACTIVE_COMPILATION_CONDITIONS = "DEBUG $(inherited)";
				SWIFT_OPTIMIZATION_LEVEL = "-Onone";
			};
			name = Debug;
		};
		B40D283F2AE56530009B7315 /* Release */ = {
			isa = XCBuildConfiguration;
			buildSettings = {
				ALWAYS_SEARCH_USER_PATHS = NO;
				ASSETCATALOG_COMPILER_GENERATE_SWIFT_ASSET_SYMBOL_EXTENSIONS = YES;
				CLANG_ANALYZER_NONNULL = YES;
				CLANG_ANALYZER_NUMBER_OBJECT_CONVERSION = YES_AGGRESSIVE;
				CLANG_CXX_LANGUAGE_STANDARD = "gnu++20";
				CLANG_ENABLE_MODULES = YES;
				CLANG_ENABLE_OBJC_ARC = YES;
				CLANG_ENABLE_OBJC_WEAK = YES;
				CLANG_WARN_BLOCK_CAPTURE_AUTORELEASING = YES;
				CLANG_WARN_BOOL_CONVERSION = YES;
				CLANG_WARN_COMMA = YES;
				CLANG_WARN_CONSTANT_CONVERSION = YES;
				CLANG_WARN_DEPRECATED_OBJC_IMPLEMENTATIONS = YES;
				CLANG_WARN_DIRECT_OBJC_ISA_USAGE = YES_ERROR;
				CLANG_WARN_DOCUMENTATION_COMMENTS = YES;
				CLANG_WARN_EMPTY_BODY = YES;
				CLANG_WARN_ENUM_CONVERSION = YES;
				CLANG_WARN_INFINITE_RECURSION = YES;
				CLANG_WARN_INT_CONVERSION = YES;
				CLANG_WARN_NON_LITERAL_NULL_CONVERSION = YES;
				CLANG_WARN_OBJC_IMPLICIT_RETAIN_SELF = YES;
				CLANG_WARN_OBJC_LITERAL_CONVERSION = YES;
				CLANG_WARN_OBJC_ROOT_CLASS = YES_ERROR;
				CLANG_WARN_QUOTED_INCLUDE_IN_FRAMEWORK_HEADER = YES;
				CLANG_WARN_RANGE_LOOP_ANALYSIS = YES;
				CLANG_WARN_STRICT_PROTOTYPES = YES;
				CLANG_WARN_SUSPICIOUS_MOVE = YES;
				CLANG_WARN_UNGUARDED_AVAILABILITY = YES_AGGRESSIVE;
				CLANG_WARN_UNREACHABLE_CODE = YES;
				CLANG_WARN__DUPLICATE_METHOD_MATCH = YES;
				COPY_PHASE_STRIP = NO;
				DEBUG_INFORMATION_FORMAT = "dwarf-with-dsym";
				ENABLE_NS_ASSERTIONS = NO;
				ENABLE_STRICT_OBJC_MSGSEND = YES;
				ENABLE_USER_SCRIPT_SANDBOXING = YES;
				GCC_C_LANGUAGE_STANDARD = gnu17;
				GCC_NO_COMMON_BLOCKS = YES;
				GCC_WARN_64_TO_32_BIT_CONVERSION = YES;
				GCC_WARN_ABOUT_RETURN_TYPE = YES_ERROR;
				GCC_WARN_UNDECLARED_SELECTOR = YES;
				GCC_WARN_UNINITIALIZED_AUTOS = YES_AGGRESSIVE;
				GCC_WARN_UNUSED_FUNCTION = YES;
				GCC_WARN_UNUSED_VARIABLE = YES;
				IPHONEOS_DEPLOYMENT_TARGET = 17.0;
				LOCALIZATION_PREFERS_STRING_CATALOGS = YES;
				MTL_ENABLE_DEBUG_INFO = NO;
				MTL_FAST_MATH = YES;
				SDKROOT = iphoneos;
				SWIFT_COMPILATION_MODE = wholemodule;
				VALIDATE_PRODUCT = YES;
			};
			name = Release;
		};
		B40D28412AE56530009B7315 /* Debug */ = {
			isa = XCBuildConfiguration;
			buildSettings = {
				ASSETCATALOG_COMPILER_APPICON_NAME = AppIcon;
				ASSETCATALOG_COMPILER_GLOBAL_ACCENT_COLOR_NAME = AccentColor;
				CODE_SIGN_STYLE = Automatic;
				CURRENT_PROJECT_VERSION = 1;
				DEVELOPMENT_ASSET_PATHS = "\"Landmarks/Preview Content\"";
				DEVELOPMENT_TEAM = 9L8BBSLHC3;
				ENABLE_PREVIEWS = YES;
				GENERATE_INFOPLIST_FILE = YES;
				INFOPLIST_KEY_UIApplicationSceneManifest_Generation = YES;
				INFOPLIST_KEY_UIApplicationSupportsIndirectInputEvents = YES;
				INFOPLIST_KEY_UILaunchScreen_Generation = YES;
				INFOPLIST_KEY_UISupportedInterfaceOrientations_iPad = "UIInterfaceOrientationPortrait UIInterfaceOrientationPortraitUpsideDown UIInterfaceOrientationLandscapeLeft UIInterfaceOrientationLandscapeRight";
				INFOPLIST_KEY_UISupportedInterfaceOrientations_iPhone = "UIInterfaceOrientationPortrait UIInterfaceOrientationLandscapeLeft UIInterfaceOrientationLandscapeRight";
				LD_RUNPATH_SEARCH_PATHS = (
					"$(inherited)",
					"@executable_path/Frameworks",
				);
				MARKETING_VERSION = 1.0;
				PRODUCT_BUNDLE_IDENTIFIER = com.duongvh.Landmarks;
				PRODUCT_NAME = "$(TARGET_NAME)";
				SWIFT_EMIT_LOC_STRINGS = YES;
				SWIFT_VERSION = 5.0;
				TARGETED_DEVICE_FAMILY = "1,2";
			};
			name = Debug;
		};
		B40D28422AE56530009B7315 /* Release */ = {
			isa = XCBuildConfiguration;
			buildSettings = {
				ASSETCATALOG_COMPILER_APPICON_NAME = AppIcon;
				ASSETCATALOG_COMPILER_GLOBAL_ACCENT_COLOR_NAME = AccentColor;
				CODE_SIGN_STYLE = Automatic;
				CURRENT_PROJECT_VERSION = 1;
				DEVELOPMENT_ASSET_PATHS = "\"Landmarks/Preview Content\"";
				DEVELOPMENT_TEAM = 9L8BBSLHC3;
				ENABLE_PREVIEWS = YES;
				GENERATE_INFOPLIST_FILE = YES;
				INFOPLIST_KEY_UIApplicationSceneManifest_Generation = YES;
				INFOPLIST_KEY_UIApplicationSupportsIndirectInputEvents = YES;
				INFOPLIST_KEY_UILaunchScreen_Generation = YES;
				INFOPLIST_KEY_UISupportedInterfaceOrientations_iPad = "UIInterfaceOrientationPortrait UIInterfaceOrientationPortraitUpsideDown UIInterfaceOrientationLandscapeLeft UIInterfaceOrientationLandscapeRight";
				INFOPLIST_KEY_UISupportedInterfaceOrientations_iPhone = "UIInterfaceOrientationPortrait UIInterfaceOrientationLandscapeLeft UIInterfaceOrientationLandscapeRight";
				LD_RUNPATH_SEARCH_PATHS = (
					"$(inherited)",
					"@executable_path/Frameworks",
				);
				MARKETING_VERSION = 1.0;
				PRODUCT_BUNDLE_IDENTIFIER = com.duongvh.Landmarks;
				PRODUCT_NAME = "$(TARGET_NAME)";
				SWIFT_EMIT_LOC_STRINGS = YES;
				SWIFT_VERSION = 5.0;
				TARGETED_DEVICE_FAMILY = "1,2";
			};
			name = Release;
		};
		B40D28442AE56530009B7315 /* Debug */ = {
			isa = XCBuildConfiguration;
			buildSettings = {
				ALWAYS_EMBED_SWIFT_STANDARD_LIBRARIES = YES;
				BUNDLE_LOADER = "$(TEST_HOST)";
				CODE_SIGN_STYLE = Automatic;
				CURRENT_PROJECT_VERSION = 1;
				DEVELOPMENT_TEAM = 9L8BBSLHC3;
				GENERATE_INFOPLIST_FILE = YES;
				IPHONEOS_DEPLOYMENT_TARGET = 17.0;
				MARKETING_VERSION = 1.0;
				PRODUCT_BUNDLE_IDENTIFIER = com.duongvh.LandmarksTests;
				PRODUCT_NAME = "$(TARGET_NAME)";
				SWIFT_EMIT_LOC_STRINGS = NO;
				SWIFT_VERSION = 5.0;
				TARGETED_DEVICE_FAMILY = "1,2";
				TEST_HOST = "$(BUILT_PRODUCTS_DIR)/Landmarks.app/$(BUNDLE_EXECUTABLE_FOLDER_PATH)/Landmarks";
			};
			name = Debug;
		};
		B40D28452AE56530009B7315 /* Release */ = {
			isa = XCBuildConfiguration;
			buildSettings = {
				ALWAYS_EMBED_SWIFT_STANDARD_LIBRARIES = YES;
				BUNDLE_LOADER = "$(TEST_HOST)";
				CODE_SIGN_STYLE = Automatic;
				CURRENT_PROJECT_VERSION = 1;
				DEVELOPMENT_TEAM = 9L8BBSLHC3;
				GENERATE_INFOPLIST_FILE = YES;
				IPHONEOS_DEPLOYMENT_TARGET = 17.0;
				MARKETING_VERSION = 1.0;
				PRODUCT_BUNDLE_IDENTIFIER = com.duongvh.LandmarksTests;
				PRODUCT_NAME = "$(TARGET_NAME)";
				SWIFT_EMIT_LOC_STRINGS = NO;
				SWIFT_VERSION = 5.0;
				TARGETED_DEVICE_FAMILY = "1,2";
				TEST_HOST = "$(BUILT_PRODUCTS_DIR)/Landmarks.app/$(BUNDLE_EXECUTABLE_FOLDER_PATH)/Landmarks";
			};
			name = Release;
		};
		B40D28472AE56530009B7315 /* Debug */ = {
			isa = XCBuildConfiguration;
			buildSettings = {
				ALWAYS_EMBED_SWIFT_STANDARD_LIBRARIES = YES;
				CODE_SIGN_STYLE = Automatic;
				CURRENT_PROJECT_VERSION = 1;
				DEVELOPMENT_TEAM = 9L8BBSLHC3;
				GENERATE_INFOPLIST_FILE = YES;
				MARKETING_VERSION = 1.0;
				PRODUCT_BUNDLE_IDENTIFIER = com.duongvh.LandmarksUITests;
				PRODUCT_NAME = "$(TARGET_NAME)";
				SWIFT_EMIT_LOC_STRINGS = NO;
				SWIFT_VERSION = 5.0;
				TARGETED_DEVICE_FAMILY = "1,2";
				TEST_TARGET_NAME = Landmarks;
			};
			name = Debug;
		};
		B40D28482AE56530009B7315 /* Release */ = {
			isa = XCBuildConfiguration;
			buildSettings = {
				ALWAYS_EMBED_SWIFT_STANDARD_LIBRARIES = YES;
				CODE_SIGN_STYLE = Automatic;
				CURRENT_PROJECT_VERSION = 1;
				DEVELOPMENT_TEAM = 9L8BBSLHC3;
				GENERATE_INFOPLIST_FILE = YES;
				MARKETING_VERSION = 1.0;
				PRODUCT_BUNDLE_IDENTIFIER = com.duongvh.LandmarksUITests;
				PRODUCT_NAME = "$(TARGET_NAME)";
				SWIFT_EMIT_LOC_STRINGS = NO;
				SWIFT_VERSION = 5.0;
				TARGETED_DEVICE_FAMILY = "1,2";
				TEST_TARGET_NAME = Landmarks;
			};
			name = Release;
		};
/* End XCBuildConfiguration section */

/* Begin XCConfigurationList section */
		B40D28172AE5652E009B7315 /* Build configuration list for PBXProject "Landmarks" */ = {
			isa = XCConfigurationList;
			buildConfigurations = (
				B40D283E2AE56530009B7315 /* Debug */,
				B40D283F2AE56530009B7315 /* Release */,
			);
			defaultConfigurationIsVisible = 0;
			defaultConfigurationName = Release;
		};
		B40D28402AE56530009B7315 /* Build configuration list for PBXNativeTarget "Landmarks" */ = {
			isa = XCConfigurationList;
			buildConfigurations = (
				B40D28412AE56530009B7315 /* Debug */,
				B40D28422AE56530009B7315 /* Release */,
			);
			defaultConfigurationIsVisible = 0;
			defaultConfigurationName = Release;
		};
		B40D28432AE56530009B7315 /* Build configuration list for PBXNativeTarget "LandmarksTests" */ = {
			isa = XCConfigurationList;
			buildConfigurations = (
				B40D28442AE56530009B7315 /* Debug */,
				B40D28452AE56530009B7315 /* Release */,
			);
			defaultConfigurationIsVisible = 0;
			defaultConfigurationName = Release;
		};
		B40D28462AE56530009B7315 /* Build configuration list for PBXNativeTarget "LandmarksUITests" */ = {
			isa = XCConfigurationList;
			buildConfigurations = (
				B40D28472AE56530009B7315 /* Debug */,
				B40D28482AE56530009B7315 /* Release */,
			);
			defaultConfigurationIsVisible = 0;
			defaultConfigurationName = Release;
		};
/* End XCConfigurationList section */
	};
	rootObject = B40D28142AE5652E009B7315 /* Project object */;
}
