// !$*UTF8*$!
{
	archiveVersion = 1;
	classes = {
	};
	objectVersion = 56;
	objects = {

/* Begin PBXBuildFile section */
		B40D28202AE5652E009B7315 /* LandmarksApp.swift in Sources */ = {isa = PBXBuildFile; fileRef = B40D281F2AE5652E009B7315 /* LandmarksApp.swift */; };
		B40D28222AE5652E009B7315 /* ContentView.swift in Sources */ = {isa = PBXBuildFile; fileRef = B40D28212AE5652E009B7315 /* ContentView.swift */; };
		B40D28242AE56530009B7315 /* Assets.xcassets in Resources */ = {isa = PBXBuildFile; fileRef = B40D28232AE56530009B7315 /* Assets.xcassets */; };
		B40D28272AE56530009B7315 /* Preview Assets.xcassets in Resources */ = {isa = PBXBuildFile; fileRef = B40D28262AE56530009B7315 /* Preview Assets.xcassets */; };
		B40D284A2AE56DD5009B7315 /* CircleImage.swift in Sources */ = {isa = PBXBuildFile; fileRef = B40D28492AE56DD5009B7315 /* CircleImage.swift */; };
		B40D284E2AE56FC0009B7315 /* MapView.swift in Sources */ = {isa = PBXBuildFile; fileRef = B40D284D2AE56FC0009B7315 /* MapView.swift */; };
		B40D28502AE6A108009B7315 /* landmarkData.json in Resources */ = {isa = PBXBuildFile; fileRef = B40D284F2AE6A107009B7315 /* landmarkData.json */; };
		B40D28542AE6A189009B7315 /* Landmark.swift in Sources */ = {isa = PBXBuildFile; fileRef = B40D28532AE6A189009B7315 /* Landmark.swift */; };
		B40D28562AE6A3BA009B7315 /* ModelData.swift in Sources */ = {isa = PBXBuildFile; fileRef = B40D28552AE6A3BA009B7315 /* ModelData.swift */; };
		B40D285B2AE6A59F009B7315 /* LandmarkRow.swift in Sources */ = {isa = PBXBuildFile; fileRef = B40D285A2AE6A59F009B7315 /* LandmarkRow.swift */; };
		B40D285D2AE6A9D8009B7315 /* LandmarkList.swift in Sources */ = {isa = PBXBuildFile; fileRef = B40D285C2AE6A9D8009B7315 /* LandmarkList.swift */; };
		B40D285F2AE6ABEA009B7315 /* LandmarkDetail.swift in Sources */ = {isa = PBXBuildFile; fileRef = B40D285E2AE6ABEA009B7315 /* LandmarkDetail.swift */; };
		B41705BD2AED077C004CD4EE /* LandmarkCommands.swift in Sources */ = {isa = PBXBuildFile; fileRef = B41705BC2AED077C004CD4EE /* LandmarkCommands.swift */; };
		B41705BE2AED079C004CD4EE /* LandmarkCommands.swift in Sources */ = {isa = PBXBuildFile; fileRef = B41705BC2AED077C004CD4EE /* LandmarkCommands.swift */; };
		B44D18F72AE7F6D300415921 /* HexagonParameters.swift in Sources */ = {isa = PBXBuildFile; fileRef = B44D18F62AE7F6D300415921 /* HexagonParameters.swift */; };
		B44D18F92AE7F87500415921 /* BadgeBackground.swift in Sources */ = {isa = PBXBuildFile; fileRef = B44D18F82AE7F87500415921 /* BadgeBackground.swift */; };
		B44D18FB2AE7FE9C00415921 /* BadgeSymbol.swift in Sources */ = {isa = PBXBuildFile; fileRef = B44D18FA2AE7FE9C00415921 /* BadgeSymbol.swift */; };
		B44D18FD2AE7FF5900415921 /* RotatedBadgeSymbol.swift in Sources */ = {isa = PBXBuildFile; fileRef = B44D18FC2AE7FF5900415921 /* RotatedBadgeSymbol.swift */; };
		B44D18FF2AEA917600415921 /* Badge.swift in Sources */ = {isa = PBXBuildFile; fileRef = B44D18FE2AEA917600415921 /* Badge.swift */; };
		B44D19022AEA94C500415921 /* hikeData.json in Resources */ = {isa = PBXBuildFile; fileRef = B44D19012AEA94C500415921 /* hikeData.json */; };
		B44D19042AEA94FE00415921 /* Hike.swift in Sources */ = {isa = PBXBuildFile; fileRef = B44D19032AEA94FE00415921 /* Hike.swift */; };
		B44D190A2AEA958300415921 /* GraphCapsule.swift in Sources */ = {isa = PBXBuildFile; fileRef = B44D19062AEA958300415921 /* GraphCapsule.swift */; };
		B44D190B2AEA958300415921 /* HikeGraph.swift in Sources */ = {isa = PBXBuildFile; fileRef = B44D19072AEA958300415921 /* HikeGraph.swift */; };
		B44D190C2AEA958300415921 /* HikeDetail.swift in Sources */ = {isa = PBXBuildFile; fileRef = B44D19082AEA958300415921 /* HikeDetail.swift */; };
		B44D190D2AEA958300415921 /* HikeView.swift in Sources */ = {isa = PBXBuildFile; fileRef = B44D19092AEA958300415921 /* HikeView.swift */; };
		B44D19122AEAFBBF00415921 /* CategoryHome.swift in Sources */ = {isa = PBXBuildFile; fileRef = B44D19112AEAFBBF00415921 /* CategoryHome.swift */; };
		B44D19142AEAFEAB00415921 /* CategoryRow.swift in Sources */ = {isa = PBXBuildFile; fileRef = B44D19132AEAFEAB00415921 /* CategoryRow.swift */; };
		B44D19162AEB000900415921 /* CategoryItem.swift in Sources */ = {isa = PBXBuildFile; fileRef = B44D19152AEB000900415921 /* CategoryItem.swift */; };
		B44D19182AEB0A1B00415921 /* Profile.swift in Sources */ = {isa = PBXBuildFile; fileRef = B44D19172AEB0A1B00415921 /* Profile.swift */; };
		B44D191B2AEB0A6F00415921 /* ProfileHost.swift in Sources */ = {isa = PBXBuildFile; fileRef = B44D191A2AEB0A6F00415921 /* ProfileHost.swift */; };
		B44D191D2AEB0AA100415921 /* ProfileSummary.swift in Sources */ = {isa = PBXBuildFile; fileRef = B44D191C2AEB0AA100415921 /* ProfileSummary.swift */; };
		B44D191F2AEB0B1400415921 /* HikeBadge.swift in Sources */ = {isa = PBXBuildFile; fileRef = B44D191E2AEB0B1400415921 /* HikeBadge.swift */; };
		B44D19212AEB137400415921 /* ProfileEditor.swift in Sources */ = {isa = PBXBuildFile; fileRef = B44D19202AEB137400415921 /* ProfileEditor.swift */; };
		B4951AC02AE6C3C60018ACE0 /* FavoriteButton.swift in Sources */ = {isa = PBXBuildFile; fileRef = B4951ABF2AE6C3C60018ACE0 /* FavoriteButton.swift */; };
		B4A9429C2AECDA56004B0657 /* PageViewController.swift in Sources */ = {isa = PBXBuildFile; fileRef = B4A9429B2AECDA56004B0657 /* PageViewController.swift */; };
		B4A9429E2AECDB56004B0657 /* FeatureCard.swift in Sources */ = {isa = PBXBuildFile; fileRef = B4A9429D2AECDB56004B0657 /* FeatureCard.swift */; };
		B4A942A02AECDC00004B0657 /* PageView.swift in Sources */ = {isa = PBXBuildFile; fileRef = B4A9429F2AECDC00004B0657 /* PageView.swift */; };
		B4A942A22AECE140004B0657 /* PageControl.swift in Sources */ = {isa = PBXBuildFile; fileRef = B4A942A12AECE140004B0657 /* PageControl.swift */; };
		B4A942AC2AECE759004B0657 /* ContentView.swift in Sources */ = {isa = PBXBuildFile; fileRef = B4A942AB2AECE759004B0657 /* ContentView.swift */; };
		B4A942AE2AECE75B004B0657 /* Assets.xcassets in Resources */ = {isa = PBXBuildFile; fileRef = B4A942AD2AECE75B004B0657 /* Assets.xcassets */; };
		B4A942B12AECE75B004B0657 /* Preview Assets.xcassets in Resources */ = {isa = PBXBuildFile; fileRef = B4A942B02AECE75B004B0657 /* Preview Assets.xcassets */; };
		B4A942CB2AECE75B004B0657 /* WatchLandmarks Watch App.app in Embed Watch Content */ = {isa = PBXBuildFile; fileRef = B4A942A72AECE759004B0657 /* WatchLandmarks Watch App.app */; settings = {ATTRIBUTES = (RemoveHeadersOnCopy, ); }; };
		B4A942D52AECEDFC004B0657 /* Landmark.swift in Sources */ = {isa = PBXBuildFile; fileRef = B40D28532AE6A189009B7315 /* Landmark.swift */; };
		B4A942D62AECEDFC004B0657 /* landmarkData.json in Resources */ = {isa = PBXBuildFile; fileRef = B40D284F2AE6A107009B7315 /* landmarkData.json */; };
		B4A942D72AECEDFC004B0657 /* CircleImage.swift in Sources */ = {isa = PBXBuildFile; fileRef = B40D28492AE56DD5009B7315 /* CircleImage.swift */; };
		B4A942D82AECEDFC004B0657 /* LandmarkRow.swift in Sources */ = {isa = PBXBuildFile; fileRef = B40D285A2AE6A59F009B7315 /* LandmarkRow.swift */; };
		B4A942D92AECEDFC004B0657 /* hikeData.json in Resources */ = {isa = PBXBuildFile; fileRef = B44D19012AEA94C500415921 /* hikeData.json */; };
		B4A942DA2AECEDFC004B0657 /* MapView.swift in Sources */ = {isa = PBXBuildFile; fileRef = B40D284D2AE56FC0009B7315 /* MapView.swift */; };
		B4A942DB2AECEDFC004B0657 /* Profile.swift in Sources */ = {isa = PBXBuildFile; fileRef = B44D19172AEB0A1B00415921 /* Profile.swift */; };
		B4A942DD2AECEDFC004B0657 /* LandmarksApp.swift in Sources */ = {isa = PBXBuildFile; fileRef = B40D281F2AE5652E009B7315 /* LandmarksApp.swift */; };
		B4A942DE2AECEDFC004B0657 /* Hike.swift in Sources */ = {isa = PBXBuildFile; fileRef = B44D19032AEA94FE00415921 /* Hike.swift */; };
		B4A942DF2AECEDFC004B0657 /* ModelData.swift in Sources */ = {isa = PBXBuildFile; fileRef = B40D28552AE6A3BA009B7315 /* ModelData.swift */; };
		B4A942E02AECEDFC004B0657 /* Assets.xcassets in Resources */ = {isa = PBXBuildFile; fileRef = B40D28232AE56530009B7315 /* Assets.xcassets */; };
		B4A942FB2AECEF31004B0657 /* LandmarkDetail.swift in Sources */ = {isa = PBXBuildFile; fileRef = B4A942FA2AECEF31004B0657 /* LandmarkDetail.swift */; };
		B4A942FD2AECF4C3004B0657 /* NotificationView.swift in Sources */ = {isa = PBXBuildFile; fileRef = B4A942FC2AECF4C3004B0657 /* NotificationView.swift */; };
		B4A942FF2AECF5B5004B0657 /* NotificationController.swift in Sources */ = {isa = PBXBuildFile; fileRef = B4A942FE2AECF5B5004B0657 /* NotificationController.swift */; };
		B4A943012AECF6BB004B0657 /* PushNotificationPayload.apns in Resources */ = {isa = PBXBuildFile; fileRef = B4A943002AECF6BB004B0657 /* PushNotificationPayload.apns */; };
		B4A9430B2AECF888004B0657 /* ContentView.swift in Sources */ = {isa = PBXBuildFile; fileRef = B4A9430A2AECF887004B0657 /* ContentView.swift */; };
		B4A9430D2AECF889004B0657 /* Assets.xcassets in Resources */ = {isa = PBXBuildFile; fileRef = B4A9430C2AECF889004B0657 /* Assets.xcassets */; };
		B4A943102AECF889004B0657 /* Preview Assets.xcassets in Resources */ = {isa = PBXBuildFile; fileRef = B4A9430F2AECF889004B0657 /* Preview Assets.xcassets */; };
		B4A943152AECF970004B0657 /* LandmarkRow.swift in Sources */ = {isa = PBXBuildFile; fileRef = B40D285A2AE6A59F009B7315 /* LandmarkRow.swift */; };
		B4A943162AECF970004B0657 /* landmarkData.json in Resources */ = {isa = PBXBuildFile; fileRef = B40D284F2AE6A107009B7315 /* landmarkData.json */; };
		B4A943172AECF970004B0657 /* CircleImage.swift in Sources */ = {isa = PBXBuildFile; fileRef = B40D28492AE56DD5009B7315 /* CircleImage.swift */; };
		B4A943182AECF970004B0657 /* Landmark.swift in Sources */ = {isa = PBXBuildFile; fileRef = B40D28532AE6A189009B7315 /* Landmark.swift */; };
		B4A943192AECF970004B0657 /* Hike.swift in Sources */ = {isa = PBXBuildFile; fileRef = B44D19032AEA94FE00415921 /* Hike.swift */; };
		B4A9431A2AECF970004B0657 /* ModelData.swift in Sources */ = {isa = PBXBuildFile; fileRef = B40D28552AE6A3BA009B7315 /* ModelData.swift */; };
		B4A9431B2AECF970004B0657 /* Profile.swift in Sources */ = {isa = PBXBuildFile; fileRef = B44D19172AEB0A1B00415921 /* Profile.swift */; };
		B4A9431C2AECF970004B0657 /* MapView.swift in Sources */ = {isa = PBXBuildFile; fileRef = B40D284D2AE56FC0009B7315 /* MapView.swift */; };
		B4A9431D2AECF970004B0657 /* FavoriteButton.swift in Sources */ = {isa = PBXBuildFile; fileRef = B4951ABF2AE6C3C60018ACE0 /* FavoriteButton.swift */; };
		B4A9431E2AECF970004B0657 /* LandmarkList.swift in Sources */ = {isa = PBXBuildFile; fileRef = B40D285C2AE6A9D8009B7315 /* LandmarkList.swift */; };
		B4A9431F2AECF970004B0657 /* LandmarksApp.swift in Sources */ = {isa = PBXBuildFile; fileRef = B40D281F2AE5652E009B7315 /* LandmarksApp.swift */; };
		B4A943202AECF970004B0657 /* hikeData.json in Resources */ = {isa = PBXBuildFile; fileRef = B44D19012AEA94C500415921 /* hikeData.json */; };
		B4A943232AECFA91004B0657 /* LandmarkDetail.swift in Sources */ = {isa = PBXBuildFile; fileRef = B4A943222AECFA91004B0657 /* LandmarkDetail.swift */; };
		B4A943242AECFD0E004B0657 /* Assets.xcassets in Resources */ = {isa = PBXBuildFile; fileRef = B40D28232AE56530009B7315 /* Assets.xcassets */; };
		B4A943262AED00A9004B0657 /* LandmarkList.swift in Sources */ = {isa = PBXBuildFile; fileRef = B4A943252AED00A9004B0657 /* LandmarkList.swift */; };
/* End PBXBuildFile section */

/* Begin PBXContainerItemProxy section */
		B4A942C82AECE75B004B0657 /* PBXContainerItemProxy */ = {
			isa = PBXContainerItemProxy;
			containerPortal = B40D28142AE5652E009B7315 /* Project object */;
			proxyType = 1;
			remoteGlobalIDString = B4A942A62AECE759004B0657;
			remoteInfo = "WatchLandmarks Watch App";
		};
/* End PBXContainerItemProxy section */

/* Begin PBXCopyFilesBuildPhase section */
		B4A942CA2AECE75B004B0657 /* Embed Watch Content */ = {
			isa = PBXCopyFilesBuildPhase;
			buildActionMask = 2147483647;
			dstPath = "$(CONTENTS_FOLDER_PATH)/Watch";
			dstSubfolderSpec = 16;
			files = (
				B4A942CB2AECE75B004B0657 /* WatchLandmarks Watch App.app in Embed Watch Content */,
			);
			name = "Embed Watch Content";
			runOnlyForDeploymentPostprocessing = 0;
		};
/* End PBXCopyFilesBuildPhase section */

/* Begin PBXFileReference section */
		B40D281C2AE5652E009B7315 /* Landmarks.app */ = {isa = PBXFileReference; explicitFileType = wrapper.application; includeInIndex = 0; path = Landmarks.app; sourceTree = BUILT_PRODUCTS_DIR; };
		B40D281F2AE5652E009B7315 /* LandmarksApp.swift */ = {isa = PBXFileReference; lastKnownFileType = sourcecode.swift; path = LandmarksApp.swift; sourceTree = "<group>"; };
		B40D28212AE5652E009B7315 /* ContentView.swift */ = {isa = PBXFileReference; lastKnownFileType = sourcecode.swift; path = ContentView.swift; sourceTree = "<group>"; };
		B40D28232AE56530009B7315 /* Assets.xcassets */ = {isa = PBXFileReference; lastKnownFileType = folder.assetcatalog; path = Assets.xcassets; sourceTree = "<group>"; };
		B40D28262AE56530009B7315 /* Preview Assets.xcassets */ = {isa = PBXFileReference; lastKnownFileType = folder.assetcatalog; path = "Preview Assets.xcassets"; sourceTree = "<group>"; };
		B40D28492AE56DD5009B7315 /* CircleImage.swift */ = {isa = PBXFileReference; lastKnownFileType = sourcecode.swift; path = CircleImage.swift; sourceTree = "<group>"; };
		B40D284D2AE56FC0009B7315 /* MapView.swift */ = {isa = PBXFileReference; lastKnownFileType = sourcecode.swift; path = MapView.swift; sourceTree = "<group>"; };
		B40D284F2AE6A107009B7315 /* landmarkData.json */ = {isa = PBXFileReference; fileEncoding = 4; lastKnownFileType = text.json; path = landmarkData.json; sourceTree = "<group>"; };
		B40D28532AE6A189009B7315 /* Landmark.swift */ = {isa = PBXFileReference; lastKnownFileType = sourcecode.swift; path = Landmark.swift; sourceTree = "<group>"; };
		B40D28552AE6A3BA009B7315 /* ModelData.swift */ = {isa = PBXFileReference; lastKnownFileType = sourcecode.swift; path = ModelData.swift; sourceTree = "<group>"; };
		B40D285A2AE6A59F009B7315 /* LandmarkRow.swift */ = {isa = PBXFileReference; lastKnownFileType = sourcecode.swift; path = LandmarkRow.swift; sourceTree = "<group>"; };
		B40D285C2AE6A9D8009B7315 /* LandmarkList.swift */ = {isa = PBXFileReference; lastKnownFileType = sourcecode.swift; path = LandmarkList.swift; sourceTree = "<group>"; };
		B40D285E2AE6ABEA009B7315 /* LandmarkDetail.swift */ = {isa = PBXFileReference; lastKnownFileType = sourcecode.swift; path = LandmarkDetail.swift; sourceTree = "<group>"; };
		B41705BC2AED077C004CD4EE /* LandmarkCommands.swift */ = {isa = PBXFileReference; lastKnownFileType = sourcecode.swift; path = LandmarkCommands.swift; sourceTree = "<group>"; };
		B44D18F62AE7F6D300415921 /* HexagonParameters.swift */ = {isa = PBXFileReference; lastKnownFileType = sourcecode.swift; path = HexagonParameters.swift; sourceTree = "<group>"; };
		B44D18F82AE7F87500415921 /* BadgeBackground.swift */ = {isa = PBXFileReference; lastKnownFileType = sourcecode.swift; path = BadgeBackground.swift; sourceTree = "<group>"; };
		B44D18FA2AE7FE9C00415921 /* BadgeSymbol.swift */ = {isa = PBXFileReference; lastKnownFileType = sourcecode.swift; path = BadgeSymbol.swift; sourceTree = "<group>"; };
		B44D18FC2AE7FF5900415921 /* RotatedBadgeSymbol.swift */ = {isa = PBXFileReference; lastKnownFileType = sourcecode.swift; path = RotatedBadgeSymbol.swift; sourceTree = "<group>"; };
		B44D18FE2AEA917600415921 /* Badge.swift */ = {isa = PBXFileReference; lastKnownFileType = sourcecode.swift; path = Badge.swift; sourceTree = "<group>"; };
		B44D19012AEA94C500415921 /* hikeData.json */ = {isa = PBXFileReference; fileEncoding = 4; lastKnownFileType = text.json; path = hikeData.json; sourceTree = "<group>"; };
		B44D19032AEA94FE00415921 /* Hike.swift */ = {isa = PBXFileReference; lastKnownFileType = sourcecode.swift; path = Hike.swift; sourceTree = "<group>"; };
		B44D19062AEA958300415921 /* GraphCapsule.swift */ = {isa = PBXFileReference; fileEncoding = 4; lastKnownFileType = sourcecode.swift; path = GraphCapsule.swift; sourceTree = "<group>"; };
		B44D19072AEA958300415921 /* HikeGraph.swift */ = {isa = PBXFileReference; fileEncoding = 4; lastKnownFileType = sourcecode.swift; path = HikeGraph.swift; sourceTree = "<group>"; };
		B44D19082AEA958300415921 /* HikeDetail.swift */ = {isa = PBXFileReference; fileEncoding = 4; lastKnownFileType = sourcecode.swift; path = HikeDetail.swift; sourceTree = "<group>"; };
		B44D19092AEA958300415921 /* HikeView.swift */ = {isa = PBXFileReference; fileEncoding = 4; lastKnownFileType = sourcecode.swift; path = HikeView.swift; sourceTree = "<group>"; };
		B44D19112AEAFBBF00415921 /* CategoryHome.swift */ = {isa = PBXFileReference; lastKnownFileType = sourcecode.swift; path = CategoryHome.swift; sourceTree = "<group>"; };
		B44D19132AEAFEAB00415921 /* CategoryRow.swift */ = {isa = PBXFileReference; lastKnownFileType = sourcecode.swift; path = CategoryRow.swift; sourceTree = "<group>"; };
		B44D19152AEB000900415921 /* CategoryItem.swift */ = {isa = PBXFileReference; lastKnownFileType = sourcecode.swift; path = CategoryItem.swift; sourceTree = "<group>"; };
		B44D19172AEB0A1B00415921 /* Profile.swift */ = {isa = PBXFileReference; lastKnownFileType = sourcecode.swift; path = Profile.swift; sourceTree = "<group>"; };
		B44D191A2AEB0A6F00415921 /* ProfileHost.swift */ = {isa = PBXFileReference; lastKnownFileType = sourcecode.swift; path = ProfileHost.swift; sourceTree = "<group>"; };
		B44D191C2AEB0AA100415921 /* ProfileSummary.swift */ = {isa = PBXFileReference; lastKnownFileType = sourcecode.swift; path = ProfileSummary.swift; sourceTree = "<group>"; };
		B44D191E2AEB0B1400415921 /* HikeBadge.swift */ = {isa = PBXFileReference; lastKnownFileType = sourcecode.swift; path = HikeBadge.swift; sourceTree = "<group>"; };
		B44D19202AEB137400415921 /* ProfileEditor.swift */ = {isa = PBXFileReference; lastKnownFileType = sourcecode.swift; path = ProfileEditor.swift; sourceTree = "<group>"; };
		B4951ABF2AE6C3C60018ACE0 /* FavoriteButton.swift */ = {isa = PBXFileReference; lastKnownFileType = sourcecode.swift; path = FavoriteButton.swift; sourceTree = "<group>"; };
		B4A9429B2AECDA56004B0657 /* PageViewController.swift */ = {isa = PBXFileReference; lastKnownFileType = sourcecode.swift; path = PageViewController.swift; sourceTree = "<group>"; };
		B4A9429D2AECDB56004B0657 /* FeatureCard.swift */ = {isa = PBXFileReference; lastKnownFileType = sourcecode.swift; path = FeatureCard.swift; sourceTree = "<group>"; };
		B4A9429F2AECDC00004B0657 /* PageView.swift */ = {isa = PBXFileReference; lastKnownFileType = sourcecode.swift; path = PageView.swift; sourceTree = "<group>"; };
		B4A942A12AECE140004B0657 /* PageControl.swift */ = {isa = PBXFileReference; lastKnownFileType = sourcecode.swift; path = PageControl.swift; sourceTree = "<group>"; };
		B4A942A72AECE759004B0657 /* WatchLandmarks Watch App.app */ = {isa = PBXFileReference; explicitFileType = wrapper.application; includeInIndex = 0; path = "WatchLandmarks Watch App.app"; sourceTree = BUILT_PRODUCTS_DIR; };
		B4A942AB2AECE759004B0657 /* ContentView.swift */ = {isa = PBXFileReference; lastKnownFileType = sourcecode.swift; path = ContentView.swift; sourceTree = "<group>"; };
		B4A942AD2AECE75B004B0657 /* Assets.xcassets */ = {isa = PBXFileReference; lastKnownFileType = folder.assetcatalog; path = Assets.xcassets; sourceTree = "<group>"; };
		B4A942B02AECE75B004B0657 /* Preview Assets.xcassets */ = {isa = PBXFileReference; lastKnownFileType = folder.assetcatalog; path = "Preview Assets.xcassets"; sourceTree = "<group>"; };
		B4A942FA2AECEF31004B0657 /* LandmarkDetail.swift */ = {isa = PBXFileReference; lastKnownFileType = sourcecode.swift; path = LandmarkDetail.swift; sourceTree = "<group>"; };
		B4A942FC2AECF4C3004B0657 /* NotificationView.swift */ = {isa = PBXFileReference; lastKnownFileType = sourcecode.swift; path = NotificationView.swift; sourceTree = "<group>"; };
		B4A942FE2AECF5B5004B0657 /* NotificationController.swift */ = {isa = PBXFileReference; lastKnownFileType = sourcecode.swift; path = NotificationController.swift; sourceTree = "<group>"; };
		B4A943002AECF6BB004B0657 /* PushNotificationPayload.apns */ = {isa = PBXFileReference; fileEncoding = 4; lastKnownFileType = text; path = PushNotificationPayload.apns; sourceTree = "<group>"; };
		B4A943062AECF887004B0657 /* MacLandmarks.app */ = {isa = PBXFileReference; explicitFileType = wrapper.application; includeInIndex = 0; path = MacLandmarks.app; sourceTree = BUILT_PRODUCTS_DIR; };
		B4A9430A2AECF887004B0657 /* ContentView.swift */ = {isa = PBXFileReference; lastKnownFileType = sourcecode.swift; path = ContentView.swift; sourceTree = "<group>"; };
		B4A9430C2AECF889004B0657 /* Assets.xcassets */ = {isa = PBXFileReference; lastKnownFileType = folder.assetcatalog; path = Assets.xcassets; sourceTree = "<group>"; };
		B4A9430F2AECF889004B0657 /* Preview Assets.xcassets */ = {isa = PBXFileReference; lastKnownFileType = folder.assetcatalog; path = "Preview Assets.xcassets"; sourceTree = "<group>"; };
		B4A943112AECF889004B0657 /* MacLandmarks.entitlements */ = {isa = PBXFileReference; lastKnownFileType = text.plist.entitlements; path = MacLandmarks.entitlements; sourceTree = "<group>"; };
		B4A943222AECFA91004B0657 /* LandmarkDetail.swift */ = {isa = PBXFileReference; lastKnownFileType = sourcecode.swift; path = LandmarkDetail.swift; sourceTree = "<group>"; };
		B4A943252AED00A9004B0657 /* LandmarkList.swift */ = {isa = PBXFileReference; lastKnownFileType = sourcecode.swift; path = LandmarkList.swift; sourceTree = "<group>"; };
/* End PBXFileReference section */

/* Begin PBXFrameworksBuildPhase section */
		B40D28192AE5652E009B7315 /* Frameworks */ = {
			isa = PBXFrameworksBuildPhase;
			buildActionMask = 2147483647;
			files = (
			);
			runOnlyForDeploymentPostprocessing = 0;
		};
		B4A942A42AECE759004B0657 /* Frameworks */ = {
			isa = PBXFrameworksBuildPhase;
			buildActionMask = 2147483647;
			files = (
			);
			runOnlyForDeploymentPostprocessing = 0;
		};
		B4A943032AECF887004B0657 /* Frameworks */ = {
			isa = PBXFrameworksBuildPhase;
			buildActionMask = 2147483647;
			files = (
			);
			runOnlyForDeploymentPostprocessing = 0;
		};
/* End PBXFrameworksBuildPhase section */

/* Begin PBXGroup section */
		B40D28132AE5652E009B7315 = {
			isa = PBXGroup;
			children = (
				B40D281E2AE5652E009B7315 /* Landmarks */,
				B4A942A82AECE759004B0657 /* WatchLandmarks Watch App */,
				B4A943072AECF887004B0657 /* MacLandmarks */,
				B40D281D2AE5652E009B7315 /* Products */,
			);
			sourceTree = "<group>";
		};
		B40D281D2AE5652E009B7315 /* Products */ = {
			isa = PBXGroup;
			children = (
				B40D281C2AE5652E009B7315 /* Landmarks.app */,
				B4A942A72AECE759004B0657 /* WatchLandmarks Watch App.app */,
				B4A943062AECF887004B0657 /* MacLandmarks.app */,
			);
			name = Products;
			sourceTree = "<group>";
		};
		B40D281E2AE5652E009B7315 /* Landmarks */ = {
			isa = PBXGroup;
			children = (
				B40D28592AE6A4B8009B7315 /* Resources */,
				B40D28582AE6A4B1009B7315 /* Model */,
				B40D28572AE6A499009B7315 /* Views */,
				B40D281F2AE5652E009B7315 /* LandmarksApp.swift */,
				B40D28232AE56530009B7315 /* Assets.xcassets */,
				B40D28252AE56530009B7315 /* Preview Content */,
			);
			path = Landmarks;
			sourceTree = "<group>";
		};
		B40D28252AE56530009B7315 /* Preview Content */ = {
			isa = PBXGroup;
			children = (
				B40D28262AE56530009B7315 /* Preview Assets.xcassets */,
			);
			path = "Preview Content";
			sourceTree = "<group>";
		};
		B40D28572AE6A499009B7315 /* Views */ = {
			isa = PBXGroup;
			children = (
				B4A9429A2AECDA04004B0657 /* PageView */,
				B40D28212AE5652E009B7315 /* ContentView.swift */,
				B44D19002AEA92A900415921 /* Badges */,
				B44D19102AEAFB5E00415921 /* Categories */,
				B4951AC12AE6C4EE0018ACE0 /* Helper */,
				B44D19052AEA958300415921 /* Hikes */,
				B4951AC22AE6C5090018ACE0 /* Landmarks */,
				B44D19192AEB0A4200415921 /* Profiles */,
			);
			path = Views;
			sourceTree = "<group>";
		};
		B40D28582AE6A4B1009B7315 /* Model */ = {
			isa = PBXGroup;
			children = (
				B40D28552AE6A3BA009B7315 /* ModelData.swift */,
				B40D28532AE6A189009B7315 /* Landmark.swift */,
				B44D19032AEA94FE00415921 /* Hike.swift */,
				B44D19172AEB0A1B00415921 /* Profile.swift */,
			);
			path = Model;
			sourceTree = "<group>";
		};
		B40D28592AE6A4B8009B7315 /* Resources */ = {
			isa = PBXGroup;
			children = (
				B44D19012AEA94C500415921 /* hikeData.json */,
				B40D284F2AE6A107009B7315 /* landmarkData.json */,
			);
			path = Resources;
			sourceTree = "<group>";
		};
		B44D19002AEA92A900415921 /* Badges */ = {
			isa = PBXGroup;
			children = (
				B44D18F62AE7F6D300415921 /* HexagonParameters.swift */,
				B44D18F82AE7F87500415921 /* BadgeBackground.swift */,
				B44D18FA2AE7FE9C00415921 /* BadgeSymbol.swift */,
				B44D18FC2AE7FF5900415921 /* RotatedBadgeSymbol.swift */,
				B44D18FE2AEA917600415921 /* Badge.swift */,
			);
			path = Badges;
			sourceTree = "<group>";
		};
		B44D19052AEA958300415921 /* Hikes */ = {
			isa = PBXGroup;
			children = (
				B44D19062AEA958300415921 /* GraphCapsule.swift */,
				B44D19072AEA958300415921 /* HikeGraph.swift */,
				B44D19082AEA958300415921 /* HikeDetail.swift */,
				B44D19092AEA958300415921 /* HikeView.swift */,
				B44D191E2AEB0B1400415921 /* HikeBadge.swift */,
			);
			path = Hikes;
			sourceTree = "<group>";
		};
		B44D19102AEAFB5E00415921 /* Categories */ = {
			isa = PBXGroup;
			children = (
				B44D19112AEAFBBF00415921 /* CategoryHome.swift */,
				B44D19132AEAFEAB00415921 /* CategoryRow.swift */,
				B44D19152AEB000900415921 /* CategoryItem.swift */,
			);
			path = Categories;
			sourceTree = "<group>";
		};
		B44D19192AEB0A4200415921 /* Profiles */ = {
			isa = PBXGroup;
			children = (
				B44D191A2AEB0A6F00415921 /* ProfileHost.swift */,
				B44D191C2AEB0AA100415921 /* ProfileSummary.swift */,
				B44D19202AEB137400415921 /* ProfileEditor.swift */,
			);
			path = Profiles;
			sourceTree = "<group>";
		};
		B4951AC12AE6C4EE0018ACE0 /* Helper */ = {
			isa = PBXGroup;
			children = (
				B40D28492AE56DD5009B7315 /* CircleImage.swift */,
				B40D284D2AE56FC0009B7315 /* MapView.swift */,
				B4951ABF2AE6C3C60018ACE0 /* FavoriteButton.swift */,
			);
			path = Helper;
			sourceTree = "<group>";
		};
		B4951AC22AE6C5090018ACE0 /* Landmarks */ = {
			isa = PBXGroup;
			children = (
				B40D285A2AE6A59F009B7315 /* LandmarkRow.swift */,
				B40D285C2AE6A9D8009B7315 /* LandmarkList.swift */,
				B40D285E2AE6ABEA009B7315 /* LandmarkDetail.swift */,
			);
			path = Landmarks;
			sourceTree = "<group>";
		};
		B4A9429A2AECDA04004B0657 /* PageView */ = {
			isa = PBXGroup;
			children = (
				B4A9429B2AECDA56004B0657 /* PageViewController.swift */,
				B4A9429D2AECDB56004B0657 /* FeatureCard.swift */,
				B4A9429F2AECDC00004B0657 /* PageView.swift */,
				B4A942A12AECE140004B0657 /* PageControl.swift */,
			);
			path = PageView;
			sourceTree = "<group>";
		};
		B4A942A82AECE759004B0657 /* WatchLandmarks Watch App */ = {
			isa = PBXGroup;
			children = (
				B4A943002AECF6BB004B0657 /* PushNotificationPayload.apns */,
				B4A942AB2AECE759004B0657 /* ContentView.swift */,
				B4A942FA2AECEF31004B0657 /* LandmarkDetail.swift */,
				B4A942AD2AECE75B004B0657 /* Assets.xcassets */,
				B4A942AF2AECE75B004B0657 /* Preview Content */,
				B4A942FC2AECF4C3004B0657 /* NotificationView.swift */,
				B4A942FE2AECF5B5004B0657 /* NotificationController.swift */,
				B4A943252AED00A9004B0657 /* LandmarkList.swift */,
			);
			path = "WatchLandmarks Watch App";
			sourceTree = "<group>";
		};
		B4A942AF2AECE75B004B0657 /* Preview Content */ = {
			isa = PBXGroup;
			children = (
				B4A942B02AECE75B004B0657 /* Preview Assets.xcassets */,
			);
			path = "Preview Content";
			sourceTree = "<group>";
		};
		B4A943072AECF887004B0657 /* MacLandmarks */ = {
			isa = PBXGroup;
			children = (
				B4A9430A2AECF887004B0657 /* ContentView.swift */,
				B4A9430C2AECF889004B0657 /* Assets.xcassets */,
				B4A943112AECF889004B0657 /* MacLandmarks.entitlements */,
				B4A9430E2AECF889004B0657 /* Preview Content */,
				B4A943222AECFA91004B0657 /* LandmarkDetail.swift */,
				B41705BC2AED077C004CD4EE /* LandmarkCommands.swift */,
			);
			path = MacLandmarks;
			sourceTree = "<group>";
		};
		B4A9430E2AECF889004B0657 /* Preview Content */ = {
			isa = PBXGroup;
			children = (
				B4A9430F2AECF889004B0657 /* Preview Assets.xcassets */,
			);
			path = "Preview Content";
			sourceTree = "<group>";
		};
/* End PBXGroup section */

/* Begin PBXNativeTarget section */
		B40D281B2AE5652E009B7315 /* Landmarks */ = {
			isa = PBXNativeTarget;
			buildConfigurationList = B40D28402AE56530009B7315 /* Build configuration list for PBXNativeTarget "Landmarks" */;
			buildPhases = (
				B40D28182AE5652E009B7315 /* Sources */,
				B40D28192AE5652E009B7315 /* Frameworks */,
				B40D281A2AE5652E009B7315 /* Resources */,
				B4A942CA2AECE75B004B0657 /* Embed Watch Content */,
			);
			buildRules = (
			);
			dependencies = (
				B4A942C92AECE75B004B0657 /* PBXTargetDependency */,
			);
			name = Landmarks;
			productName = Landmarks;
			productReference = B40D281C2AE5652E009B7315 /* Landmarks.app */;
			productType = "com.apple.product-type.application";
		};
		B4A942A62AECE759004B0657 /* WatchLandmarks Watch App */ = {
			isa = PBXNativeTarget;
			buildConfigurationList = B4A942CC2AECE75B004B0657 /* Build configuration list for PBXNativeTarget "WatchLandmarks Watch App" */;
			buildPhases = (
				B4A942A32AECE759004B0657 /* Sources */,
				B4A942A42AECE759004B0657 /* Frameworks */,
				B4A942A52AECE759004B0657 /* Resources */,
			);
			buildRules = (
			);
			dependencies = (
			);
			name = "WatchLandmarks Watch App";
			productName = "WatchLandmarks Watch App";
			productReference = B4A942A72AECE759004B0657 /* WatchLandmarks Watch App.app */;
			productType = "com.apple.product-type.application";
		};
		B4A943052AECF887004B0657 /* MacLandmarks */ = {
			isa = PBXNativeTarget;
			buildConfigurationList = B4A943122AECF889004B0657 /* Build configuration list for PBXNativeTarget "MacLandmarks" */;
			buildPhases = (
				B4A943022AECF887004B0657 /* Sources */,
				B4A943032AECF887004B0657 /* Frameworks */,
				B4A943042AECF887004B0657 /* Resources */,
			);
			buildRules = (
			);
			dependencies = (
			);
			name = MacLandmarks;
			productName = MacLandmarks;
			productReference = B4A943062AECF887004B0657 /* MacLandmarks.app */;
			productType = "com.apple.product-type.application";
		};
/* End PBXNativeTarget section */

/* Begin PBXProject section */
		B40D28142AE5652E009B7315 /* Project object */ = {
			isa = PBXProject;
			attributes = {
				BuildIndependentTargetsInParallel = 1;
				LastSwiftUpdateCheck = 1500;
				LastUpgradeCheck = 1500;
				TargetAttributes = {
					B40D281B2AE5652E009B7315 = {
						CreatedOnToolsVersion = 15.0.1;
					};
					B4A942A62AECE759004B0657 = {
						CreatedOnToolsVersion = 15.0.1;
					};
					B4A943052AECF887004B0657 = {
						CreatedOnToolsVersion = 15.0.1;
					};
				};
			};
			buildConfigurationList = B40D28172AE5652E009B7315 /* Build configuration list for PBXProject "Landmarks" */;
			compatibilityVersion = "Xcode 14.0";
			developmentRegion = en;
			hasScannedForEncodings = 0;
			knownRegions = (
				en,
				Base,
			);
			mainGroup = B40D28132AE5652E009B7315;
			productRefGroup = B40D281D2AE5652E009B7315 /* Products */;
			projectDirPath = "";
			projectRoot = "";
			targets = (
				B40D281B2AE5652E009B7315 /* Landmarks */,
				B4A942A62AECE759004B0657 /* WatchLandmarks Watch App */,
				B4A943052AECF887004B0657 /* MacLandmarks */,
			);
		};
/* End PBXProject section */

/* Begin PBXResourcesBuildPhase section */
		B40D281A2AE5652E009B7315 /* Resources */ = {
			isa = PBXResourcesBuildPhase;
			buildActionMask = 2147483647;
			files = (
				B44D19022AEA94C500415921 /* hikeData.json in Resources */,
				B40D28272AE56530009B7315 /* Preview Assets.xcassets in Resources */,
				B40D28242AE56530009B7315 /* Assets.xcassets in Resources */,
				B40D28502AE6A108009B7315 /* landmarkData.json in Resources */,
			);
			runOnlyForDeploymentPostprocessing = 0;
		};
		B4A942A52AECE759004B0657 /* Resources */ = {
			isa = PBXResourcesBuildPhase;
			buildActionMask = 2147483647;
			files = (
				B4A942D92AECEDFC004B0657 /* hikeData.json in Resources */,
				B4A942B12AECE75B004B0657 /* Preview Assets.xcassets in Resources */,
				B4A942AE2AECE75B004B0657 /* Assets.xcassets in Resources */,
				B4A942D62AECEDFC004B0657 /* landmarkData.json in Resources */,
				B4A942E02AECEDFC004B0657 /* Assets.xcassets in Resources */,
				B4A943012AECF6BB004B0657 /* PushNotificationPayload.apns in Resources */,
			);
			runOnlyForDeploymentPostprocessing = 0;
		};
		B4A943042AECF887004B0657 /* Resources */ = {
			isa = PBXResourcesBuildPhase;
			buildActionMask = 2147483647;
			files = (
				B4A943202AECF970004B0657 /* hikeData.json in Resources */,
				B4A943102AECF889004B0657 /* Preview Assets.xcassets in Resources */,
				B4A9430D2AECF889004B0657 /* Assets.xcassets in Resources */,
				B4A943162AECF970004B0657 /* landmarkData.json in Resources */,
				B4A943242AECFD0E004B0657 /* Assets.xcassets in Resources */,
			);
			runOnlyForDeploymentPostprocessing = 0;
		};
/* End PBXResourcesBuildPhase section */

/* Begin PBXSourcesBuildPhase section */
		B40D28182AE5652E009B7315 /* Sources */ = {
			isa = PBXSourcesBuildPhase;
			buildActionMask = 2147483647;
			files = (
				B44D19142AEAFEAB00415921 /* CategoryRow.swift in Sources */,
				B44D19182AEB0A1B00415921 /* Profile.swift in Sources */,
				B41705BE2AED079C004CD4EE /* LandmarkCommands.swift in Sources */,
				B40D28222AE5652E009B7315 /* ContentView.swift in Sources */,
				B44D19122AEAFBBF00415921 /* CategoryHome.swift in Sources */,
				B4A9429E2AECDB56004B0657 /* FeatureCard.swift in Sources */,
				B44D190B2AEA958300415921 /* HikeGraph.swift in Sources */,
				B44D18FF2AEA917600415921 /* Badge.swift in Sources */,
				B40D284E2AE56FC0009B7315 /* MapView.swift in Sources */,
				B44D190A2AEA958300415921 /* GraphCapsule.swift in Sources */,
				B40D28202AE5652E009B7315 /* LandmarksApp.swift in Sources */,
				B4A942A22AECE140004B0657 /* PageControl.swift in Sources */,
				B4951AC02AE6C3C60018ACE0 /* FavoriteButton.swift in Sources */,
				B44D19162AEB000900415921 /* CategoryItem.swift in Sources */,
				B44D190C2AEA958300415921 /* HikeDetail.swift in Sources */,
				B44D191D2AEB0AA100415921 /* ProfileSummary.swift in Sources */,
				B44D18F72AE7F6D300415921 /* HexagonParameters.swift in Sources */,
				B44D191B2AEB0A6F00415921 /* ProfileHost.swift in Sources */,
				B44D19042AEA94FE00415921 /* Hike.swift in Sources */,
				B44D18FD2AE7FF5900415921 /* RotatedBadgeSymbol.swift in Sources */,
				B4A942A02AECDC00004B0657 /* PageView.swift in Sources */,
				B44D18FB2AE7FE9C00415921 /* BadgeSymbol.swift in Sources */,
				B44D19212AEB137400415921 /* ProfileEditor.swift in Sources */,
				B40D285D2AE6A9D8009B7315 /* LandmarkList.swift in Sources */,
				B44D190D2AEA958300415921 /* HikeView.swift in Sources */,
				B40D285F2AE6ABEA009B7315 /* LandmarkDetail.swift in Sources */,
				B4A9429C2AECDA56004B0657 /* PageViewController.swift in Sources */,
				B44D18F92AE7F87500415921 /* BadgeBackground.swift in Sources */,
				B44D191F2AEB0B1400415921 /* HikeBadge.swift in Sources */,
				B40D284A2AE56DD5009B7315 /* CircleImage.swift in Sources */,
				B40D28542AE6A189009B7315 /* Landmark.swift in Sources */,
				B40D285B2AE6A59F009B7315 /* LandmarkRow.swift in Sources */,
				B40D28562AE6A3BA009B7315 /* ModelData.swift in Sources */,
			);
			runOnlyForDeploymentPostprocessing = 0;
		};
		B4A942A32AECE759004B0657 /* Sources */ = {
			isa = PBXSourcesBuildPhase;
			buildActionMask = 2147483647;
			files = (
				B4A942AC2AECE759004B0657 /* ContentView.swift in Sources */,
				B4A942DB2AECEDFC004B0657 /* Profile.swift in Sources */,
				B4A942D52AECEDFC004B0657 /* Landmark.swift in Sources */,
				B4A943262AED00A9004B0657 /* LandmarkList.swift in Sources */,
				B4A942DD2AECEDFC004B0657 /* LandmarksApp.swift in Sources */,
				B4A942DA2AECEDFC004B0657 /* MapView.swift in Sources */,
				B4A942DE2AECEDFC004B0657 /* Hike.swift in Sources */,
				B4A942DF2AECEDFC004B0657 /* ModelData.swift in Sources */,
				B4A942D82AECEDFC004B0657 /* LandmarkRow.swift in Sources */,
				B4A942FF2AECF5B5004B0657 /* NotificationController.swift in Sources */,
				B4A942D72AECEDFC004B0657 /* CircleImage.swift in Sources */,
				B4A942FB2AECEF31004B0657 /* LandmarkDetail.swift in Sources */,
				B4A942FD2AECF4C3004B0657 /* NotificationView.swift in Sources */,
			);
			runOnlyForDeploymentPostprocessing = 0;
		};
		B4A943022AECF887004B0657 /* Sources */ = {
			isa = PBXSourcesBuildPhase;
			buildActionMask = 2147483647;
			files = (
				B4A943192AECF970004B0657 /* Hike.swift in Sources */,
				B4A9431C2AECF970004B0657 /* MapView.swift in Sources */,
				B4A943152AECF970004B0657 /* LandmarkRow.swift in Sources */,
				B4A9431D2AECF970004B0657 /* FavoriteButton.swift in Sources */,
				B41705BD2AED077C004CD4EE /* LandmarkCommands.swift in Sources */,
				B4A943232AECFA91004B0657 /* LandmarkDetail.swift in Sources */,
				B4A9431F2AECF970004B0657 /* LandmarksApp.swift in Sources */,
				B4A9430B2AECF888004B0657 /* ContentView.swift in Sources */,
				B4A9431B2AECF970004B0657 /* Profile.swift in Sources */,
				B4A943172AECF970004B0657 /* CircleImage.swift in Sources */,
				B4A943182AECF970004B0657 /* Landmark.swift in Sources */,
				B4A9431A2AECF970004B0657 /* ModelData.swift in Sources */,
				B4A9431E2AECF970004B0657 /* LandmarkList.swift in Sources */,
			);
			runOnlyForDeploymentPostprocessing = 0;
		};
/* End PBXSourcesBuildPhase section */

/* Begin PBXTargetDependency section */
		B4A942C92AECE75B004B0657 /* PBXTargetDependency */ = {
			isa = PBXTargetDependency;
			target = B4A942A62AECE759004B0657 /* WatchLandmarks Watch App */;
			targetProxy = B4A942C82AECE75B004B0657 /* PBXContainerItemProxy */;
		};
/* End PBXTargetDependency section */

/* Begin XCBuildConfiguration section */
		B40D283E2AE56530009B7315 /* Debug */ = {
			isa = XCBuildConfiguration;
			buildSettings = {
				ALWAYS_SEARCH_USER_PATHS = NO;
				ASSETCATALOG_COMPILER_GENERATE_SWIFT_ASSET_SYMBOL_EXTENSIONS = YES;
				CLANG_ANALYZER_NONNULL = YES;
				CLANG_ANALYZER_NUMBER_OBJECT_CONVERSION = YES_AGGRESSIVE;
				CLANG_CXX_LANGUAGE_STANDARD = "gnu++20";
				CLANG_ENABLE_MODULES = YES;
				CLANG_ENABLE_OBJC_ARC = YES;
				CLANG_ENABLE_OBJC_WEAK = YES;
				CLANG_WARN_BLOCK_CAPTURE_AUTORELEASING = YES;
				CLANG_WARN_BOOL_CONVERSION = YES;
				CLANG_WARN_COMMA = YES;
				CLANG_WARN_CONSTANT_CONVERSION = YES;
				CLANG_WARN_DEPRECATED_OBJC_IMPLEMENTATIONS = YES;
				CLANG_WARN_DIRECT_OBJC_ISA_USAGE = YES_ERROR;
				CLANG_WARN_DOCUMENTATION_COMMENTS = YES;
				CLANG_WARN_EMPTY_BODY = YES;
				CLANG_WARN_ENUM_CONVERSION = YES;
				CLANG_WARN_INFINITE_RECURSION = YES;
				CLANG_WARN_INT_CONVERSION = YES;
				CLANG_WARN_NON_LITERAL_NULL_CONVERSION = YES;
				CLANG_WARN_OBJC_IMPLICIT_RETAIN_SELF = YES;
				CLANG_WARN_OBJC_LITERAL_CONVERSION = YES;
				CLANG_WARN_OBJC_ROOT_CLASS = YES_ERROR;
				CLANG_WARN_QUOTED_INCLUDE_IN_FRAMEWORK_HEADER = YES;
				CLANG_WARN_RANGE_LOOP_ANALYSIS = YES;
				CLANG_WARN_STRICT_PROTOTYPES = YES;
				CLANG_WARN_SUSPICIOUS_MOVE = YES;
				CLANG_WARN_UNGUARDED_AVAILABILITY = YES_AGGRESSIVE;
				CLANG_WARN_UNREACHABLE_CODE = YES;
				CLANG_WARN__DUPLICATE_METHOD_MATCH = YES;
				COPY_PHASE_STRIP = NO;
				DEBUG_INFORMATION_FORMAT = dwarf;
				ENABLE_STRICT_OBJC_MSGSEND = YES;
				ENABLE_TESTABILITY = YES;
				ENABLE_USER_SCRIPT_SANDBOXING = YES;
				GCC_C_LANGUAGE_STANDARD = gnu17;
				GCC_DYNAMIC_NO_PIC = NO;
				GCC_NO_COMMON_BLOCKS = YES;
				GCC_OPTIMIZATION_LEVEL = 0;
				GCC_PREPROCESSOR_DEFINITIONS = (
					"DEBUG=1",
					"$(inherited)",
				);
				GCC_WARN_64_TO_32_BIT_CONVERSION = YES;
				GCC_WARN_ABOUT_RETURN_TYPE = YES_ERROR;
				GCC_WARN_UNDECLARED_SELECTOR = YES;
				GCC_WARN_UNINITIALIZED_AUTOS = YES_AGGRESSIVE;
				GCC_WARN_UNUSED_FUNCTION = YES;
				GCC_WARN_UNUSED_VARIABLE = YES;
				IPHONEOS_DEPLOYMENT_TARGET = 17.0;
				LOCALIZATION_PREFERS_STRING_CATALOGS = YES;
				MTL_ENABLE_DEBUG_INFO = INCLUDE_SOURCE;
				MTL_FAST_MATH = YES;
				ONLY_ACTIVE_ARCH = YES;
				SDKROOT = iphoneos;
				SWIFT_ACTIVE_COMPILATION_CONDITIONS = "DEBUG $(inherited)";
				SWIFT_OPTIMIZATION_LEVEL = "-Onone";
			};
			name = Debug;
		};
		B40D283F2AE56530009B7315 /* Release */ = {
			isa = XCBuildConfiguration;
			buildSettings = {
				ALWAYS_SEARCH_USER_PATHS = NO;
				ASSETCATALOG_COMPILER_GENERATE_SWIFT_ASSET_SYMBOL_EXTENSIONS = YES;
				CLANG_ANALYZER_NONNULL = YES;
				CLANG_ANALYZER_NUMBER_OBJECT_CONVERSION = YES_AGGRESSIVE;
				CLANG_CXX_LANGUAGE_STANDARD = "gnu++20";
				CLANG_ENABLE_MODULES = YES;
				CLANG_ENABLE_OBJC_ARC = YES;
				CLANG_ENABLE_OBJC_WEAK = YES;
				CLANG_WARN_BLOCK_CAPTURE_AUTORELEASING = YES;
				CLANG_WARN_BOOL_CONVERSION = YES;
				CLANG_WARN_COMMA = YES;
				CLANG_WARN_CONSTANT_CONVERSION = YES;
				CLANG_WARN_DEPRECATED_OBJC_IMPLEMENTATIONS = YES;
				CLANG_WARN_DIRECT_OBJC_ISA_USAGE = YES_ERROR;
				CLANG_WARN_DOCUMENTATION_COMMENTS = YES;
				CLANG_WARN_EMPTY_BODY = YES;
				CLANG_WARN_ENUM_CONVERSION = YES;
				CLANG_WARN_INFINITE_RECURSION = YES;
				CLANG_WARN_INT_CONVERSION = YES;
				CLANG_WARN_NON_LITERAL_NULL_CONVERSION = YES;
				CLANG_WARN_OBJC_IMPLICIT_RETAIN_SELF = YES;
				CLANG_WARN_OBJC_LITERAL_CONVERSION = YES;
				CLANG_WARN_OBJC_ROOT_CLASS = YES_ERROR;
				CLANG_WARN_QUOTED_INCLUDE_IN_FRAMEWORK_HEADER = YES;
				CLANG_WARN_RANGE_LOOP_ANALYSIS = YES;
				CLANG_WARN_STRICT_PROTOTYPES = YES;
				CLANG_WARN_SUSPICIOUS_MOVE = YES;
				CLANG_WARN_UNGUARDED_AVAILABILITY = YES_AGGRESSIVE;
				CLANG_WARN_UNREACHABLE_CODE = YES;
				CLANG_WARN__DUPLICATE_METHOD_MATCH = YES;
				COPY_PHASE_STRIP = NO;
				DEBUG_INFORMATION_FORMAT = "dwarf-with-dsym";
				ENABLE_NS_ASSERTIONS = NO;
				ENABLE_STRICT_OBJC_MSGSEND = YES;
				ENABLE_USER_SCRIPT_SANDBOXING = YES;
				GCC_C_LANGUAGE_STANDARD = gnu17;
				GCC_NO_COMMON_BLOCKS = YES;
				GCC_WARN_64_TO_32_BIT_CONVERSION = YES;
				GCC_WARN_ABOUT_RETURN_TYPE = YES_ERROR;
				GCC_WARN_UNDECLARED_SELECTOR = YES;
				GCC_WARN_UNINITIALIZED_AUTOS = YES_AGGRESSIVE;
				GCC_WARN_UNUSED_FUNCTION = YES;
				GCC_WARN_UNUSED_VARIABLE = YES;
				IPHONEOS_DEPLOYMENT_TARGET = 17.0;
				LOCALIZATION_PREFERS_STRING_CATALOGS = YES;
				MTL_ENABLE_DEBUG_INFO = NO;
				MTL_FAST_MATH = YES;
				SDKROOT = iphoneos;
				SWIFT_COMPILATION_MODE = wholemodule;
				VALIDATE_PRODUCT = YES;
			};
			name = Release;
		};
		B40D28412AE56530009B7315 /* Debug */ = {
			isa = XCBuildConfiguration;
			buildSettings = {
				ALWAYS_EMBED_SWIFT_STANDARD_LIBRARIES = YES;
				ASSETCATALOG_COMPILER_APPICON_NAME = AppIcon;
				ASSETCATALOG_COMPILER_GLOBAL_ACCENT_COLOR_NAME = AccentColor;
				CODE_SIGN_STYLE = Automatic;
				CURRENT_PROJECT_VERSION = 1;
				DEVELOPMENT_ASSET_PATHS = "\"Landmarks/Preview Content\"";
				DEVELOPMENT_TEAM = 9L8BBSLHC3;
				ENABLE_PREVIEWS = YES;
				GENERATE_INFOPLIST_FILE = YES;
				INFOPLIST_KEY_UIApplicationSceneManifest_Generation = YES;
				INFOPLIST_KEY_UIApplicationSupportsIndirectInputEvents = YES;
				INFOPLIST_KEY_UILaunchScreen_Generation = YES;
				INFOPLIST_KEY_UISupportedInterfaceOrientations_iPad = "UIInterfaceOrientationPortrait UIInterfaceOrientationPortraitUpsideDown UIInterfaceOrientationLandscapeLeft UIInterfaceOrientationLandscapeRight";
				INFOPLIST_KEY_UISupportedInterfaceOrientations_iPhone = "UIInterfaceOrientationPortrait UIInterfaceOrientationLandscapeLeft UIInterfaceOrientationLandscapeRight";
				LD_RUNPATH_SEARCH_PATHS = (
					"$(inherited)",
					"@executable_path/Frameworks",
				);
				MARKETING_VERSION = 1.0;
				PRODUCT_BUNDLE_IDENTIFIER = com.duongvh.Landmarks;
				PRODUCT_NAME = "$(TARGET_NAME)";
				SWIFT_EMIT_LOC_STRINGS = YES;
				SWIFT_VERSION = 5.0;
				TARGETED_DEVICE_FAMILY = "1,2";
			};
			name = Debug;
		};
		B40D28422AE56530009B7315 /* Release */ = {
			isa = XCBuildConfiguration;
			buildSettings = {
				ALWAYS_EMBED_SWIFT_STANDARD_LIBRARIES = YES;
				ASSETCATALOG_COMPILER_APPICON_NAME = AppIcon;
				ASSETCATALOG_COMPILER_GLOBAL_ACCENT_COLOR_NAME = AccentColor;
				CODE_SIGN_STYLE = Automatic;
				CURRENT_PROJECT_VERSION = 1;
				DEVELOPMENT_ASSET_PATHS = "\"Landmarks/Preview Content\"";
				DEVELOPMENT_TEAM = 9L8BBSLHC3;
				ENABLE_PREVIEWS = YES;
				GENERATE_INFOPLIST_FILE = YES;
				INFOPLIST_KEY_UIApplicationSceneManifest_Generation = YES;
				INFOPLIST_KEY_UIApplicationSupportsIndirectInputEvents = YES;
				INFOPLIST_KEY_UILaunchScreen_Generation = YES;
				INFOPLIST_KEY_UISupportedInterfaceOrientations_iPad = "UIInterfaceOrientationPortrait UIInterfaceOrientationPortraitUpsideDown UIInterfaceOrientationLandscapeLeft UIInterfaceOrientationLandscapeRight";
				INFOPLIST_KEY_UISupportedInterfaceOrientations_iPhone = "UIInterfaceOrientationPortrait UIInterfaceOrientationLandscapeLeft UIInterfaceOrientationLandscapeRight";
				LD_RUNPATH_SEARCH_PATHS = (
					"$(inherited)",
					"@executable_path/Frameworks",
				);
				MARKETING_VERSION = 1.0;
				PRODUCT_BUNDLE_IDENTIFIER = com.duongvh.Landmarks;
				PRODUCT_NAME = "$(TARGET_NAME)";
				SWIFT_EMIT_LOC_STRINGS = YES;
				SWIFT_VERSION = 5.0;
				TARGETED_DEVICE_FAMILY = "1,2";
			};
			name = Release;
		};
		B4A942CD2AECE75B004B0657 /* Debug */ = {
			isa = XCBuildConfiguration;
			buildSettings = {
				ASSETCATALOG_COMPILER_APPICON_NAME = AppIcon;
				ASSETCATALOG_COMPILER_GLOBAL_ACCENT_COLOR_NAME = AccentColor;
				CODE_SIGN_STYLE = Automatic;
				CURRENT_PROJECT_VERSION = 1;
				DEVELOPMENT_ASSET_PATHS = "\"WatchLandmarks Watch App/Preview Content\"";
				DEVELOPMENT_TEAM = 9L8BBSLHC3;
				ENABLE_PREVIEWS = YES;
				GENERATE_INFOPLIST_FILE = YES;
				INFOPLIST_KEY_CFBundleDisplayName = WatchLandmarks;
				INFOPLIST_KEY_UISupportedInterfaceOrientations = "UIInterfaceOrientationPortrait UIInterfaceOrientationPortraitUpsideDown";
				INFOPLIST_KEY_WKCompanionAppBundleIdentifier = com.duongvh.Landmarks;
				INFOPLIST_KEY_WKRunsIndependentlyOfCompanionApp = YES;
				LD_RUNPATH_SEARCH_PATHS = (
					"$(inherited)",
					"@executable_path/Frameworks",
				);
				MARKETING_VERSION = 1.0;
				PRODUCT_BUNDLE_IDENTIFIER = com.duongvh.Landmarks.watchkitapp;
				PRODUCT_NAME = "$(TARGET_NAME)";
				SDKROOT = watchos;
				SKIP_INSTALL = YES;
				SWIFT_EMIT_LOC_STRINGS = YES;
				SWIFT_VERSION = 5.0;
				TARGETED_DEVICE_FAMILY = 4;
				WATCHOS_DEPLOYMENT_TARGET = 10.0;
			};
			name = Debug;
		};
		B4A942CE2AECE75B004B0657 /* Release */ = {
			isa = XCBuildConfiguration;
			buildSettings = {
				ASSETCATALOG_COMPILER_APPICON_NAME = AppIcon;
				ASSETCATALOG_COMPILER_GLOBAL_ACCENT_COLOR_NAME = AccentColor;
				CODE_SIGN_STYLE = Automatic;
				CURRENT_PROJECT_VERSION = 1;
				DEVELOPMENT_ASSET_PATHS = "\"WatchLandmarks Watch App/Preview Content\"";
				DEVELOPMENT_TEAM = 9L8BBSLHC3;
				ENABLE_PREVIEWS = YES;
				GENERATE_INFOPLIST_FILE = YES;
				INFOPLIST_KEY_CFBundleDisplayName = WatchLandmarks;
				INFOPLIST_KEY_UISupportedInterfaceOrientations = "UIInterfaceOrientationPortrait UIInterfaceOrientationPortraitUpsideDown";
				INFOPLIST_KEY_WKCompanionAppBundleIdentifier = com.duongvh.Landmarks;
				INFOPLIST_KEY_WKRunsIndependentlyOfCompanionApp = YES;
				LD_RUNPATH_SEARCH_PATHS = (
					"$(inherited)",
					"@executable_path/Frameworks",
				);
				MARKETING_VERSION = 1.0;
				PRODUCT_BUNDLE_IDENTIFIER = com.duongvh.Landmarks.watchkitapp;
				PRODUCT_NAME = "$(TARGET_NAME)";
				SDKROOT = watchos;
				SKIP_INSTALL = YES;
				SWIFT_EMIT_LOC_STRINGS = YES;
				SWIFT_VERSION = 5.0;
				TARGETED_DEVICE_FAMILY = 4;
				WATCHOS_DEPLOYMENT_TARGET = 10.0;
			};
			name = Release;
		};
		B4A943132AECF889004B0657 /* Debug */ = {
			isa = XCBuildConfiguration;
			buildSettings = {
				ASSETCATALOG_COMPILER_APPICON_NAME = AppIcon;
				ASSETCATALOG_COMPILER_GLOBAL_ACCENT_COLOR_NAME = AccentColor;
				CODE_SIGN_ENTITLEMENTS = MacLandmarks/MacLandmarks.entitlements;
				CODE_SIGN_STYLE = Automatic;
				COMBINE_HIDPI_IMAGES = YES;
				CURRENT_PROJECT_VERSION = 1;
				DEVELOPMENT_ASSET_PATHS = "\"MacLandmarks/Preview Content\"";
				DEVELOPMENT_TEAM = 9L8BBSLHC3;
				ENABLE_HARDENED_RUNTIME = YES;
				ENABLE_PREVIEWS = YES;
				GENERATE_INFOPLIST_FILE = YES;
				INFOPLIST_KEY_NSHumanReadableCopyright = "";
				LD_RUNPATH_SEARCH_PATHS = (
					"$(inherited)",
					"@executable_path/../Frameworks",
				);
				MACOSX_DEPLOYMENT_TARGET = 14.0;
				MARKETING_VERSION = 1.0;
				PRODUCT_BUNDLE_IDENTIFIER = com.duongvh.MacLandmarks;
				PRODUCT_NAME = "$(TARGET_NAME)";
				SDKROOT = macosx;
				SWIFT_EMIT_LOC_STRINGS = YES;
				SWIFT_VERSION = 5.0;
			};
			name = Debug;
		};
		B4A943142AECF889004B0657 /* Release */ = {
			isa = XCBuildConfiguration;
			buildSettings = {
				ASSETCATALOG_COMPILER_APPICON_NAME = AppIcon;
				ASSETCATALOG_COMPILER_GLOBAL_ACCENT_COLOR_NAME = AccentColor;
				CODE_SIGN_ENTITLEMENTS = MacLandmarks/MacLandmarks.entitlements;
				CODE_SIGN_STYLE = Automatic;
				COMBINE_HIDPI_IMAGES = YES;
				CURRENT_PROJECT_VERSION = 1;
				DEVELOPMENT_ASSET_PATHS = "\"MacLandmarks/Preview Content\"";
				DEVELOPMENT_TEAM = 9L8BBSLHC3;
				ENABLE_HARDENED_RUNTIME = YES;
				ENABLE_PREVIEWS = YES;
				GENERATE_INFOPLIST_FILE = YES;
				INFOPLIST_KEY_NSHumanReadableCopyright = "";
				LD_RUNPATH_SEARCH_PATHS = (
					"$(inherited)",
					"@executable_path/../Frameworks",
				);
				MACOSX_DEPLOYMENT_TARGET = 14.0;
				MARKETING_VERSION = 1.0;
				PRODUCT_BUNDLE_IDENTIFIER = com.duongvh.MacLandmarks;
				PRODUCT_NAME = "$(TARGET_NAME)";
				SDKROOT = macosx;
				SWIFT_EMIT_LOC_STRINGS = YES;
				SWIFT_VERSION = 5.0;
			};
			name = Release;
		};
/* End XCBuildConfiguration section */

/* Begin XCConfigurationList section */
		B40D28172AE5652E009B7315 /* Build configuration list for PBXProject "Landmarks" */ = {
			isa = XCConfigurationList;
			buildConfigurations = (
				B40D283E2AE56530009B7315 /* Debug */,
				B40D283F2AE56530009B7315 /* Release */,
			);
			defaultConfigurationIsVisible = 0;
			defaultConfigurationName = Release;
		};
		B40D28402AE56530009B7315 /* Build configuration list for PBXNativeTarget "Landmarks" */ = {
			isa = XCConfigurationList;
			buildConfigurations = (
				B40D28412AE56530009B7315 /* Debug */,
				B40D28422AE56530009B7315 /* Release */,
			);
			defaultConfigurationIsVisible = 0;
			defaultConfigurationName = Release;
		};
		B4A942CC2AECE75B004B0657 /* Build configuration list for PBXNativeTarget "WatchLandmarks Watch App" */ = {
			isa = XCConfigurationList;
			buildConfigurations = (
				B4A942CD2AECE75B004B0657 /* Debug */,
				B4A942CE2AECE75B004B0657 /* Release */,
			);
			defaultConfigurationIsVisible = 0;
			defaultConfigurationName = Release;
		};
		B4A943122AECF889004B0657 /* Build configuration list for PBXNativeTarget "MacLandmarks" */ = {
			isa = XCConfigurationList;
			buildConfigurations = (
				B4A943132AECF889004B0657 /* Debug */,
				B4A943142AECF889004B0657 /* Release */,
			);
			defaultConfigurationIsVisible = 0;
			defaultConfigurationName = Release;
		};
/* End XCConfigurationList section */
	};
	rootObject = B40D28142AE5652E009B7315 /* Project object */;
}
